// !$*UTF8*$!
{
	archiveVersion = 1;
	classes = {
	};
	objectVersion = 55;
	objects = {

/* Begin PBXBuildFile section */
		2C9B3FCC2860AB3100233A34 /* FruitDetailView.swift in Sources */ = {isa = PBXBuildFile; fileRef = 2C9B3FCB2860AB3100233A34 /* FruitDetailView.swift */; };
		2C9B3FCE2860B2AD00233A34 /* FruitHeaderView.swift in Sources */ = {isa = PBXBuildFile; fileRef = 2C9B3FCD2860B2AD00233A34 /* FruitHeaderView.swift */; };
		2C9B3FD02860B7BF00233A34 /* SourceLinkView.swift in Sources */ = {isa = PBXBuildFile; fileRef = 2C9B3FCF2860B7BF00233A34 /* SourceLinkView.swift */; };
		2C9B3FD22860C39100233A34 /* FruitNutrientsView.swift in Sources */ = {isa = PBXBuildFile; fileRef = 2C9B3FD12860C39100233A34 /* FruitNutrientsView.swift */; };
		2CB1ABB02846090E003F4FFF /* FruitAppApp.swift in Sources */ = {isa = PBXBuildFile; fileRef = 2CB1ABAF2846090E003F4FFF /* FruitAppApp.swift */; };
		2CB1ABB22846090E003F4FFF /* ContentView.swift in Sources */ = {isa = PBXBuildFile; fileRef = 2CB1ABB12846090E003F4FFF /* ContentView.swift */; };
		2CB1ABB428460910003F4FFF /* Assets.xcassets in Resources */ = {isa = PBXBuildFile; fileRef = 2CB1ABB328460910003F4FFF /* Assets.xcassets */; };
		2CB1ABB728460910003F4FFF /* Preview Assets.xcassets in Resources */ = {isa = PBXBuildFile; fileRef = 2CB1ABB628460910003F4FFF /* Preview Assets.xcassets */; };
		2CB1ABC128460F21003F4FFF /* FruitCardView.swift in Sources */ = {isa = PBXBuildFile; fileRef = 2CB1ABC028460F21003F4FFF /* FruitCardView.swift */; };
		2CB1ABC3284616CC003F4FFF /* StartButtonView.swift in Sources */ = {isa = PBXBuildFile; fileRef = 2CB1ABC2284616CC003F4FFF /* StartButtonView.swift */; };
		2CB1ABC528461DA4003F4FFF /* OnboardingView.swift in Sources */ = {isa = PBXBuildFile; fileRef = 2CB1ABC428461DA4003F4FFF /* OnboardingView.swift */; };
		2CB1ABC82846203B003F4FFF /* FruitModel.swift in Sources */ = {isa = PBXBuildFile; fileRef = 2CB1ABC72846203B003F4FFF /* FruitModel.swift */; };
		2CB1ABCB28462147003F4FFF /* FruitData.swift in Sources */ = {isa = PBXBuildFile; fileRef = 2CB1ABCA28462147003F4FFF /* FruitData.swift */; };
		2CB1ABCD28462FC4003F4FFF /* FruitRowView.swift in Sources */ = {isa = PBXBuildFile; fileRef = 2CB1ABCC28462FC4003F4FFF /* FruitRowView.swift */; };
/* End PBXBuildFile section */

/* Begin PBXFileReference section */
		2C9B3FCB2860AB3100233A34 /* FruitDetailView.swift */ = {isa = PBXFileReference; lastKnownFileType = sourcecode.swift; path = FruitDetailView.swift; sourceTree = "<group>"; };
		2C9B3FCD2860B2AD00233A34 /* FruitHeaderView.swift */ = {isa = PBXFileReference; lastKnownFileType = sourcecode.swift; path = FruitHeaderView.swift; sourceTree = "<group>"; };
		2C9B3FCF2860B7BF00233A34 /* SourceLinkView.swift */ = {isa = PBXFileReference; lastKnownFileType = sourcecode.swift; path = SourceLinkView.swift; sourceTree = "<group>"; };
		2C9B3FD12860C39100233A34 /* FruitNutrientsView.swift */ = {isa = PBXFileReference; lastKnownFileType = sourcecode.swift; path = FruitNutrientsView.swift; sourceTree = "<group>"; };
		2CB1ABAC2846090E003F4FFF /* FruitApp.app */ = {isa = PBXFileReference; explicitFileType = wrapper.application; includeInIndex = 0; path = FruitApp.app; sourceTree = BUILT_PRODUCTS_DIR; };
		2CB1ABAF2846090E003F4FFF /* FruitAppApp.swift */ = {isa = PBXFileReference; lastKnownFileType = sourcecode.swift; path = FruitAppApp.swift; sourceTree = "<group>"; };
		2CB1ABB12846090E003F4FFF /* ContentView.swift */ = {isa = PBXFileReference; lastKnownFileType = sourcecode.swift; path = ContentView.swift; sourceTree = "<group>"; };
		2CB1ABB328460910003F4FFF /* Assets.xcassets */ = {isa = PBXFileReference; lastKnownFileType = folder.assetcatalog; path = Assets.xcassets; sourceTree = "<group>"; };
		2CB1ABB628460910003F4FFF /* Preview Assets.xcassets */ = {isa = PBXFileReference; lastKnownFileType = folder.assetcatalog; path = "Preview Assets.xcassets"; sourceTree = "<group>"; };
		2CB1ABC028460F21003F4FFF /* FruitCardView.swift */ = {isa = PBXFileReference; lastKnownFileType = sourcecode.swift; path = FruitCardView.swift; sourceTree = "<group>"; };
		2CB1ABC2284616CC003F4FFF /* StartButtonView.swift */ = {isa = PBXFileReference; lastKnownFileType = sourcecode.swift; path = StartButtonView.swift; sourceTree = "<group>"; };
		2CB1ABC428461DA4003F4FFF /* OnboardingView.swift */ = {isa = PBXFileReference; lastKnownFileType = sourcecode.swift; path = OnboardingView.swift; sourceTree = "<group>"; };
		2CB1ABC72846203B003F4FFF /* FruitModel.swift */ = {isa = PBXFileReference; lastKnownFileType = sourcecode.swift; path = FruitModel.swift; sourceTree = "<group>"; };
		2CB1ABCA28462147003F4FFF /* FruitData.swift */ = {isa = PBXFileReference; lastKnownFileType = sourcecode.swift; path = FruitData.swift; sourceTree = "<group>"; };
		2CB1ABCC28462FC4003F4FFF /* FruitRowView.swift */ = {isa = PBXFileReference; lastKnownFileType = sourcecode.swift; path = FruitRowView.swift; sourceTree = "<group>"; };
/* End PBXFileReference section */

/* Begin PBXFrameworksBuildPhase section */
		2CB1ABA92846090E003F4FFF /* Frameworks */ = {
			isa = PBXFrameworksBuildPhase;
			buildActionMask = 2147483647;
			files = (
			);
			runOnlyForDeploymentPostprocessing = 0;
		};
/* End PBXFrameworksBuildPhase section */

/* Begin PBXGroup section */
		2CB1ABA32846090E003F4FFF = {
			isa = PBXGroup;
			children = (
				2CB1ABAE2846090E003F4FFF /* FruitApp */,
				2CB1ABAD2846090E003F4FFF /* Products */,
			);
			sourceTree = "<group>";
		};
		2CB1ABAD2846090E003F4FFF /* Products */ = {
			isa = PBXGroup;
			children = (
				2CB1ABAC2846090E003F4FFF /* FruitApp.app */,
			);
			name = Products;
			sourceTree = "<group>";
		};
		2CB1ABAE2846090E003F4FFF /* FruitApp */ = {
			isa = PBXGroup;
			children = (
				2CB1ABC92846212B003F4FFF /* Data */,
				2CB1ABC62846201C003F4FFF /* Model */,
				2CB1ABBF28460ED5003F4FFF /* View */,
				2CB1ABBD28460E68003F4FFF /* App */,
				2CB1ABB328460910003F4FFF /* Assets.xcassets */,
				2CB1ABB528460910003F4FFF /* Preview Content */,
			);
			path = FruitApp;
			sourceTree = "<group>";
		};
		2CB1ABB528460910003F4FFF /* Preview Content */ = {
			isa = PBXGroup;
			children = (
				2CB1ABB628460910003F4FFF /* Preview Assets.xcassets */,
			);
			path = "Preview Content";
			sourceTree = "<group>";
		};
		2CB1ABBD28460E68003F4FFF /* App */ = {
			isa = PBXGroup;
			children = (
				2CB1ABAF2846090E003F4FFF /* FruitAppApp.swift */,
				2CB1ABB12846090E003F4FFF /* ContentView.swift */,
				2CB1ABC428461DA4003F4FFF /* OnboardingView.swift */,
			);
			path = App;
			sourceTree = "<group>";
		};
		2CB1ABBF28460ED5003F4FFF /* View */ = {
			isa = PBXGroup;
			children = (
				2CB1ABC028460F21003F4FFF /* FruitCardView.swift */,
				2CB1ABC2284616CC003F4FFF /* StartButtonView.swift */,
				2CB1ABCC28462FC4003F4FFF /* FruitRowView.swift */,
				2C9B3FCB2860AB3100233A34 /* FruitDetailView.swift */,
				2C9B3FCD2860B2AD00233A34 /* FruitHeaderView.swift */,
				2C9B3FCF2860B7BF00233A34 /* SourceLinkView.swift */,
				2C9B3FD12860C39100233A34 /* FruitNutrientsView.swift */,
			);
			path = View;
			sourceTree = "<group>";
		};
		2CB1ABC62846201C003F4FFF /* Model */ = {
			isa = PBXGroup;
			children = (
				2CB1ABC72846203B003F4FFF /* FruitModel.swift */,
			);
			path = Model;
			sourceTree = "<group>";
		};
		2CB1ABC92846212B003F4FFF /* Data */ = {
			isa = PBXGroup;
			children = (
				2CB1ABCA28462147003F4FFF /* FruitData.swift */,
			);
			path = Data;
			sourceTree = "<group>";
		};
/* End PBXGroup section */

/* Begin PBXNativeTarget section */
		2CB1ABAB2846090E003F4FFF /* FruitApp */ = {
			isa = PBXNativeTarget;
			buildConfigurationList = 2CB1ABBA28460910003F4FFF /* Build configuration list for PBXNativeTarget "FruitApp" */;
			buildPhases = (
				2CB1ABA82846090E003F4FFF /* Sources */,
				2CB1ABA92846090E003F4FFF /* Frameworks */,
				2CB1ABAA2846090E003F4FFF /* Resources */,
			);
			buildRules = (
			);
			dependencies = (
			);
			name = FruitApp;
			productName = FruitApp;
			productReference = 2CB1ABAC2846090E003F4FFF /* FruitApp.app */;
			productType = "com.apple.product-type.application";
		};
/* End PBXNativeTarget section */

/* Begin PBXProject section */
		2CB1ABA42846090E003F4FFF /* Project object */ = {
			isa = PBXProject;
			attributes = {
				BuildIndependentTargetsInParallel = 1;
				LastSwiftUpdateCheck = 1340;
				LastUpgradeCheck = 1340;
				TargetAttributes = {
					2CB1ABAB2846090E003F4FFF = {
						CreatedOnToolsVersion = 13.4;
					};
				};
			};
			buildConfigurationList = 2CB1ABA72846090E003F4FFF /* Build configuration list for PBXProject "FruitApp" */;
			compatibilityVersion = "Xcode 13.0";
			developmentRegion = en;
			hasScannedForEncodings = 0;
			knownRegions = (
				en,
				Base,
			);
			mainGroup = 2CB1ABA32846090E003F4FFF;
			productRefGroup = 2CB1ABAD2846090E003F4FFF /* Products */;
			projectDirPath = "";
			projectRoot = "";
			targets = (
				2CB1ABAB2846090E003F4FFF /* FruitApp */,
			);
		};
/* End PBXProject section */

/* Begin PBXResourcesBuildPhase section */
		2CB1ABAA2846090E003F4FFF /* Resources */ = {
			isa = PBXResourcesBuildPhase;
			buildActionMask = 2147483647;
			files = (
				2CB1ABB728460910003F4FFF /* Preview Assets.xcassets in Resources */,
				2CB1ABB428460910003F4FFF /* Assets.xcassets in Resources */,
			);
			runOnlyForDeploymentPostprocessing = 0;
		};
/* End PBXResourcesBuildPhase section */

/* Begin PBXSourcesBuildPhase section */
		2CB1ABA82846090E003F4FFF /* Sources */ = {
			isa = PBXSourcesBuildPhase;
			buildActionMask = 2147483647;
			files = (
				2CB1ABCB28462147003F4FFF /* FruitData.swift in Sources */,
				2C9B3FD02860B7BF00233A34 /* SourceLinkView.swift in Sources */,
				2CB1ABC128460F21003F4FFF /* FruitCardView.swift in Sources */,
				2CB1ABCD28462FC4003F4FFF /* FruitRowView.swift in Sources */,
				2C9B3FD22860C39100233A34 /* FruitNutrientsView.swift in Sources */,
				2CB1ABC3284616CC003F4FFF /* StartButtonView.swift in Sources */,
				2C9B3FCC2860AB3100233A34 /* FruitDetailView.swift in Sources */,
				2CB1ABB22846090E003F4FFF /* ContentView.swift in Sources */,
				2C9B3FCE2860B2AD00233A34 /* FruitHeaderView.swift in Sources */,
				2CB1ABC528461DA4003F4FFF /* OnboardingView.swift in Sources */,
				2CB1ABC82846203B003F4FFF /* FruitModel.swift in Sources */,
				2CB1ABB02846090E003F4FFF /* FruitAppApp.swift in Sources */,
			);
			runOnlyForDeploymentPostprocessing = 0;
		};
/* End PBXSourcesBuildPhase section */

/* Begin XCBuildConfiguration section */
		2CB1ABB828460910003F4FFF /* Debug */ = {
			isa = XCBuildConfiguration;
			buildSettings = {
				ALWAYS_SEARCH_USER_PATHS = NO;
				CLANG_ANALYZER_NONNULL = YES;
				CLANG_ANALYZER_NUMBER_OBJECT_CONVERSION = YES_AGGRESSIVE;
				CLANG_CXX_LANGUAGE_STANDARD = "gnu++17";
				CLANG_ENABLE_MODULES = YES;
				CLANG_ENABLE_OBJC_ARC = YES;
				CLANG_ENABLE_OBJC_WEAK = YES;
				CLANG_WARN_BLOCK_CAPTURE_AUTORELEASING = YES;
				CLANG_WARN_BOOL_CONVERSION = YES;
				CLANG_WARN_COMMA = YES;
				CLANG_WARN_CONSTANT_CONVERSION = YES;
				CLANG_WARN_DEPRECATED_OBJC_IMPLEMENTATIONS = YES;
				CLANG_WARN_DIRECT_OBJC_ISA_USAGE = YES_ERROR;
				CLANG_WARN_DOCUMENTATION_COMMENTS = YES;
				CLANG_WARN_EMPTY_BODY = YES;
				CLANG_WARN_ENUM_CONVERSION = YES;
				CLANG_WARN_INFINITE_RECURSION = YES;
				CLANG_WARN_INT_CONVERSION = YES;
				CLANG_WARN_NON_LITERAL_NULL_CONVERSION = YES;
				CLANG_WARN_OBJC_IMPLICIT_RETAIN_SELF = YES;
				CLANG_WARN_OBJC_LITERAL_CONVERSION = YES;
				CLANG_WARN_OBJC_ROOT_CLASS = YES_ERROR;
				CLANG_WARN_QUOTED_INCLUDE_IN_FRAMEWORK_HEADER = YES;
				CLANG_WARN_RANGE_LOOP_ANALYSIS = YES;
				CLANG_WARN_STRICT_PROTOTYPES = YES;
				CLANG_WARN_SUSPICIOUS_MOVE = YES;
				CLANG_WARN_UNGUARDED_AVAILABILITY = YES_AGGRESSIVE;
				CLANG_WARN_UNREACHABLE_CODE = YES;
				CLANG_WARN__DUPLICATE_METHOD_MATCH = YES;
				COPY_PHASE_STRIP = NO;
				DEBUG_INFORMATION_FORMAT = dwarf;
				ENABLE_STRICT_OBJC_MSGSEND = YES;
				ENABLE_TESTABILITY = YES;
				GCC_C_LANGUAGE_STANDARD = gnu11;
				GCC_DYNAMIC_NO_PIC = NO;
				GCC_NO_COMMON_BLOCKS = YES;
				GCC_OPTIMIZATION_LEVEL = 0;
				GCC_PREPROCESSOR_DEFINITIONS = (
					"DEBUG=1",
					"$(inherited)",
				);
				GCC_WARN_64_TO_32_BIT_CONVERSION = YES;
				GCC_WARN_ABOUT_RETURN_TYPE = YES_ERROR;
				GCC_WARN_UNDECLARED_SELECTOR = YES;
				GCC_WARN_UNINITIALIZED_AUTOS = YES_AGGRESSIVE;
				GCC_WARN_UNUSED_FUNCTION = YES;
				GCC_WARN_UNUSED_VARIABLE = YES;
				IPHONEOS_DEPLOYMENT_TARGET = 15.5;
				MTL_ENABLE_DEBUG_INFO = INCLUDE_SOURCE;
				MTL_FAST_MATH = YES;
				ONLY_ACTIVE_ARCH = YES;
				SDKROOT = iphoneos;
				SWIFT_ACTIVE_COMPILATION_CONDITIONS = DEBUG;
				SWIFT_OPTIMIZATION_LEVEL = "-Onone";
			};
			name = Debug;
		};
		2CB1ABB928460910003F4FFF /* Release */ = {
			isa = XCBuildConfiguration;
			buildSettings = {
				ALWAYS_SEARCH_USER_PATHS = NO;
				CLANG_ANALYZER_NONNULL = YES;
				CLANG_ANALYZER_NUMBER_OBJECT_CONVERSION = YES_AGGRESSIVE;
				CLANG_CXX_LANGUAGE_STANDARD = "gnu++17";
				CLANG_ENABLE_MODULES = YES;
				CLANG_ENABLE_OBJC_ARC = YES;
				CLANG_ENABLE_OBJC_WEAK = YES;
				CLANG_WARN_BLOCK_CAPTURE_AUTORELEASING = YES;
				CLANG_WARN_BOOL_CONVERSION = YES;
				CLANG_WARN_COMMA = YES;
				CLANG_WARN_CONSTANT_CONVERSION = YES;
				CLANG_WARN_DEPRECATED_OBJC_IMPLEMENTATIONS = YES;
				CLANG_WARN_DIRECT_OBJC_ISA_USAGE = YES_ERROR;
				CLANG_WARN_DOCUMENTATION_COMMENTS = YES;
				CLANG_WARN_EMPTY_BODY = YES;
				CLANG_WARN_ENUM_CONVERSION = YES;
				CLANG_WARN_INFINITE_RECURSION = YES;
				CLANG_WARN_INT_CONVERSION = YES;
				CLANG_WARN_NON_LITERAL_NULL_CONVERSION = YES;
				CLANG_WARN_OBJC_IMPLICIT_RETAIN_SELF = YES;
				CLANG_WARN_OBJC_LITERAL_CONVERSION = YES;
				CLANG_WARN_OBJC_ROOT_CLASS = YES_ERROR;
				CLANG_WARN_QUOTED_INCLUDE_IN_FRAMEWORK_HEADER = YES;
				CLANG_WARN_RANGE_LOOP_ANALYSIS = YES;
				CLANG_WARN_STRICT_PROTOTYPES = YES;
				CLANG_WARN_SUSPICIOUS_MOVE = YES;
				CLANG_WARN_UNGUARDED_AVAILABILITY = YES_AGGRESSIVE;
				CLANG_WARN_UNREACHABLE_CODE = YES;
				CLANG_WARN__DUPLICATE_METHOD_MATCH = YES;
				COPY_PHASE_STRIP = NO;
				DEBUG_INFORMATION_FORMAT = "dwarf-with-dsym";
				ENABLE_NS_ASSERTIONS = NO;
				ENABLE_STRICT_OBJC_MSGSEND = YES;
				GCC_C_LANGUAGE_STANDARD = gnu11;
				GCC_NO_COMMON_BLOCKS = YES;
				GCC_WARN_64_TO_32_BIT_CONVERSION = YES;
				GCC_WARN_ABOUT_RETURN_TYPE = YES_ERROR;
				GCC_WARN_UNDECLARED_SELECTOR = YES;
				GCC_WARN_UNINITIALIZED_AUTOS = YES_AGGRESSIVE;
				GCC_WARN_UNUSED_FUNCTION = YES;
				GCC_WARN_UNUSED_VARIABLE = YES;
				IPHONEOS_DEPLOYMENT_TARGET = 15.5;
				MTL_ENABLE_DEBUG_INFO = NO;
				MTL_FAST_MATH = YES;
				SDKROOT = iphoneos;
				SWIFT_COMPILATION_MODE = wholemodule;
				SWIFT_OPTIMIZATION_LEVEL = "-O";
				VALIDATE_PRODUCT = YES;
			};
			name = Release;
		};
		2CB1ABBB28460910003F4FFF /* Debug */ = {
			isa = XCBuildConfiguration;
			buildSettings = {
				ASSETCATALOG_COMPILER_APPICON_NAME = AppIcon;
				ASSETCATALOG_COMPILER_GLOBAL_ACCENT_COLOR_NAME = AccentColor;
				CODE_SIGN_STYLE = Automatic;
				CURRENT_PROJECT_VERSION = 1;
				DEVELOPMENT_ASSET_PATHS = "\"FruitApp/Preview Content\"";
				ENABLE_PREVIEWS = YES;
				GENERATE_INFOPLIST_FILE = YES;
				INFOPLIST_KEY_UIApplicationSceneManifest_Generation = YES;
				INFOPLIST_KEY_UIApplicationSupportsIndirectInputEvents = YES;
				INFOPLIST_KEY_UILaunchScreen_Generation = YES;
				INFOPLIST_KEY_UISupportedInterfaceOrientations = UIInterfaceOrientationPortrait;
				INFOPLIST_KEY_UISupportedInterfaceOrientations_iPad = "UIInterfaceOrientationPortrait UIInterfaceOrientationPortraitUpsideDown UIInterfaceOrientationLandscapeLeft UIInterfaceOrientationLandscapeRight";
				INFOPLIST_KEY_UISupportedInterfaceOrientations_iPhone = "UIInterfaceOrientationPortrait UIInterfaceOrientationLandscapeLeft UIInterfaceOrientationLandscapeRight";
				LD_RUNPATH_SEARCH_PATHS = (
					"$(inherited)",
					"@executable_path/Frameworks",
				);
				MARKETING_VERSION = 1.0;
				PRODUCT_BUNDLE_IDENTIFIER = mk.devlab.FruitApp;
				PRODUCT_NAME = "$(TARGET_NAME)";
				SWIFT_EMIT_LOC_STRINGS = YES;
				SWIFT_VERSION = 5.0;
				TARGETED_DEVICE_FAMILY = "1,2";
			};
			name = Debug;
		};
		2CB1ABBC28460910003F4FFF /* Release */ = {
			isa = XCBuildConfiguration;
			buildSettings = {
				ASSETCATALOG_COMPILER_APPICON_NAME = AppIcon;
				ASSETCATALOG_COMPILER_GLOBAL_ACCENT_COLOR_NAME = AccentColor;
				CODE_SIGN_STYLE = Automatic;
				CURRENT_PROJECT_VERSION = 1;
				DEVELOPMENT_ASSET_PATHS = "\"FruitApp/Preview Content\"";
				ENABLE_PREVIEWS = YES;
				GENERATE_INFOPLIST_FILE = YES;
				INFOPLIST_KEY_UIApplicationSceneManifest_Generation = YES;
				INFOPLIST_KEY_UIApplicationSupportsIndirectInputEvents = YES;
				INFOPLIST_KEY_UILaunchScreen_Generation = YES;
				INFOPLIST_KEY_UISupportedInterfaceOrientations = UIInterfaceOrientationPortrait;
				INFOPLIST_KEY_UISupportedInterfaceOrientations_iPad = "UIInterfaceOrientationPortrait UIInterfaceOrientationPortraitUpsideDown UIInterfaceOrientationLandscapeLeft UIInterfaceOrientationLandscapeRight";
				INFOPLIST_KEY_UISupportedInterfaceOrientations_iPhone = "UIInterfaceOrientationPortrait UIInterfaceOrientationLandscapeLeft UIInterfaceOrientationLandscapeRight";
				LD_RUNPATH_SEARCH_PATHS = (
					"$(inherited)",
					"@executable_path/Frameworks",
				);
				MARKETING_VERSION = 1.0;
				PRODUCT_BUNDLE_IDENTIFIER = mk.devlab.FruitApp;
				PRODUCT_NAME = "$(TARGET_NAME)";
				SWIFT_EMIT_LOC_STRINGS = YES;
				SWIFT_VERSION = 5.0;
				TARGETED_DEVICE_FAMILY = "1,2";
			};
			name = Release;
		};
/* End XCBuildConfiguration section */

/* Begin XCConfigurationList section */
		2CB1ABA72846090E003F4FFF /* Build configuration list for PBXProject "FruitApp" */ = {
			isa = XCConfigurationList;
			buildConfigurations = (
				2CB1ABB828460910003F4FFF /* Debug */,
				2CB1ABB928460910003F4FFF /* Release */,
			);
			defaultConfigurationIsVisible = 0;
			defaultConfigurationName = Release;
		};
		2CB1ABBA28460910003F4FFF /* Build configuration list for PBXNativeTarget "FruitApp" */ = {
			isa = XCConfigurationList;
			buildConfigurations = (
				2CB1ABBB28460910003F4FFF /* Debug */,
				2CB1ABBC28460910003F4FFF /* Release */,
			);
			defaultConfigurationIsVisible = 0;
			defaultConfigurationName = Release;
		};
/* End XCConfigurationList section */
	};
	rootObject = 2CB1ABA42846090E003F4FFF /* Project object */;
}
