// !$*UTF8*$!
{
	archiveVersion = 1;
	classes = {
	};
	objectVersion = 55;
	objects = {

/* Begin PBXBuildFile section */
		2C2C40EC2861F33000CAE8D5 /* AnimalDetailView.swift in Sources */ = {isa = PBXBuildFile; fileRef = 2C2C40EB2861F33000CAE8D5 /* AnimalDetailView.swift */; };
		2C2C40EE2861F80100CAE8D5 /* HeadingView.swift in Sources */ = {isa = PBXBuildFile; fileRef = 2C2C40ED2861F80100CAE8D5 /* HeadingView.swift */; };
		2C2C40F02861FA7C00CAE8D5 /* InsetGalleryView.swift in Sources */ = {isa = PBXBuildFile; fileRef = 2C2C40EF2861FA7C00CAE8D5 /* InsetGalleryView.swift */; };
		2C2C40F22862004400CAE8D5 /* InsetFactView.swift in Sources */ = {isa = PBXBuildFile; fileRef = 2C2C40F12862004400CAE8D5 /* InsetFactView.swift */; };
		2C2C40F4286203D400CAE8D5 /* InsetMapView.swift in Sources */ = {isa = PBXBuildFile; fileRef = 2C2C40F3286203D400CAE8D5 /* InsetMapView.swift */; };
		2C2C40F6286209C000CAE8D5 /* ExternalWeblinkView.swift in Sources */ = {isa = PBXBuildFile; fileRef = 2C2C40F5286209BF00CAE8D5 /* ExternalWeblinkView.swift */; };
		2C3621F32862EA53005C67A9 /* VideoModel.swift in Sources */ = {isa = PBXBuildFile; fileRef = 2C3621F22862EA52005C67A9 /* VideoModel.swift */; };
		2C3621F52862EB37005C67A9 /* VideoListItemView.swift in Sources */ = {isa = PBXBuildFile; fileRef = 2C3621F42862EB37005C67A9 /* VideoListItemView.swift */; };
		2C3621F72863022E005C67A9 /* VideoPlayerView.swift in Sources */ = {isa = PBXBuildFile; fileRef = 2C3621F62863022E005C67A9 /* VideoPlayerView.swift */; };
		2C3621FA286303EF005C67A9 /* VideoPlayerHelper.swift in Sources */ = {isa = PBXBuildFile; fileRef = 2C3621F9286303EF005C67A9 /* VideoPlayerHelper.swift */; };
		2C3621FC28630AC1005C67A9 /* LocationModel.swift in Sources */ = {isa = PBXBuildFile; fileRef = 2C3621FB28630AC1005C67A9 /* LocationModel.swift */; };
		2C3621FE286311A2005C67A9 /* MapAnnotationView.swift in Sources */ = {isa = PBXBuildFile; fileRef = 2C3621FD286311A2005C67A9 /* MapAnnotationView.swift */; };
		2C36220028631A37005C67A9 /* MotionAnimationView.swift in Sources */ = {isa = PBXBuildFile; fileRef = 2C3621FF28631A37005C67A9 /* MotionAnimationView.swift */; };
		2C36220228633696005C67A9 /* AnimalGridItemView.swift in Sources */ = {isa = PBXBuildFile; fileRef = 2C36220128633696005C67A9 /* AnimalGridItemView.swift */; };
		2C362208286340C1005C67A9 /* Stickers.xcassets in Resources */ = {isa = PBXBuildFile; fileRef = 2C362207286340C1005C67A9 /* Stickers.xcassets */; };
		2C36220C286340C1005C67A9 /* Stickers.appex in Embed App Extensions */ = {isa = PBXBuildFile; fileRef = 2C362205286340BF005C67A9 /* Stickers.appex */; platformFilter = ios; settings = {ATTRIBUTES = (RemoveHeadersOnCopy, ); }; };
		2C362212286343CF005C67A9 /* CreditsView.swift in Sources */ = {isa = PBXBuildFile; fileRef = 2C362211286343CF005C67A9 /* CreditsView.swift */; };
		2C362215286347C0005C67A9 /* CenterModifier.swift in Sources */ = {isa = PBXBuildFile; fileRef = 2C362214286347C0005C67A9 /* CenterModifier.swift */; };
		2CF4EF4D2861CD400016CE9D /* AfricaApp.swift in Sources */ = {isa = PBXBuildFile; fileRef = 2CF4EF4C2861CD400016CE9D /* AfricaApp.swift */; };
		2CF4EF4F2861CD400016CE9D /* ContentView.swift in Sources */ = {isa = PBXBuildFile; fileRef = 2CF4EF4E2861CD400016CE9D /* ContentView.swift */; };
		2CF4EF512861CD410016CE9D /* Assets.xcassets in Resources */ = {isa = PBXBuildFile; fileRef = 2CF4EF502861CD410016CE9D /* Assets.xcassets */; };
		2CF4EF542861CD410016CE9D /* Preview Assets.xcassets in Resources */ = {isa = PBXBuildFile; fileRef = 2CF4EF532861CD410016CE9D /* Preview Assets.xcassets */; };
		2CF4EF652861D18A0016CE9D /* hippo.mp4 in Resources */ = {isa = PBXBuildFile; fileRef = 2CF4EF5B2861D1880016CE9D /* hippo.mp4 */; };
		2CF4EF662861D18A0016CE9D /* lion.mp4 in Resources */ = {isa = PBXBuildFile; fileRef = 2CF4EF5C2861D1880016CE9D /* lion.mp4 */; };
		2CF4EF672861D18A0016CE9D /* cheetah.mp4 in Resources */ = {isa = PBXBuildFile; fileRef = 2CF4EF5D2861D1890016CE9D /* cheetah.mp4 */; };
		2CF4EF682861D18A0016CE9D /* gorilla.mp4 in Resources */ = {isa = PBXBuildFile; fileRef = 2CF4EF5E2861D1890016CE9D /* gorilla.mp4 */; };
		2CF4EF692861D18A0016CE9D /* elephant.mp4 in Resources */ = {isa = PBXBuildFile; fileRef = 2CF4EF5F2861D1890016CE9D /* elephant.mp4 */; };
		2CF4EF6A2861D18A0016CE9D /* lioness.mp4 in Resources */ = {isa = PBXBuildFile; fileRef = 2CF4EF602861D1890016CE9D /* lioness.mp4 */; };
		2CF4EF6B2861D18A0016CE9D /* ostrich.mp4 in Resources */ = {isa = PBXBuildFile; fileRef = 2CF4EF612861D1890016CE9D /* ostrich.mp4 */; };
		2CF4EF6C2861D18A0016CE9D /* giraffe.mp4 in Resources */ = {isa = PBXBuildFile; fileRef = 2CF4EF622861D1890016CE9D /* giraffe.mp4 */; };
		2CF4EF6D2861D18A0016CE9D /* zebra.mp4 in Resources */ = {isa = PBXBuildFile; fileRef = 2CF4EF632861D18A0016CE9D /* zebra.mp4 */; };
		2CF4EF6E2861D18A0016CE9D /* rhino.mp4 in Resources */ = {isa = PBXBuildFile; fileRef = 2CF4EF642861D18A0016CE9D /* rhino.mp4 */; };
		2CF4EF742861D27A0016CE9D /* locations.json in Resources */ = {isa = PBXBuildFile; fileRef = 2CF4EF702861D27A0016CE9D /* locations.json */; };
		2CF4EF752861D27A0016CE9D /* videos.json in Resources */ = {isa = PBXBuildFile; fileRef = 2CF4EF712861D27A0016CE9D /* videos.json */; };
		2CF4EF762861D27A0016CE9D /* animals.json in Resources */ = {isa = PBXBuildFile; fileRef = 2CF4EF722861D27A0016CE9D /* animals.json */; };
		2CF4EF772861D27A0016CE9D /* covers.json in Resources */ = {isa = PBXBuildFile; fileRef = 2CF4EF732861D27A0016CE9D /* covers.json */; };
		2CF4EF7B2861D6AE0016CE9D /* VideoListView.swift in Sources */ = {isa = PBXBuildFile; fileRef = 2CF4EF7A2861D6AE0016CE9D /* VideoListView.swift */; };
		2CF4EF7D2861D6EC0016CE9D /* MapView.swift in Sources */ = {isa = PBXBuildFile; fileRef = 2CF4EF7C2861D6EC0016CE9D /* MapView.swift */; };
		2CF4EF7F2861D7190016CE9D /* GalleryView.swift in Sources */ = {isa = PBXBuildFile; fileRef = 2CF4EF7E2861D7190016CE9D /* GalleryView.swift */; };
		2CF4EF812861D74E0016CE9D /* MainView.swift in Sources */ = {isa = PBXBuildFile; fileRef = 2CF4EF802861D74E0016CE9D /* MainView.swift */; };
		2CF4EF842861DAB90016CE9D /* CoverImageView.swift in Sources */ = {isa = PBXBuildFile; fileRef = 2CF4EF832861DAB90016CE9D /* CoverImageView.swift */; };
		2CF4EF872861DDDE0016CE9D /* CoverImageModel.swift in Sources */ = {isa = PBXBuildFile; fileRef = 2CF4EF862861DDDE0016CE9D /* CoverImageModel.swift */; };
		2CF4EF8A2861DF970016CE9D /* CodableBundleExtension.swift in Sources */ = {isa = PBXBuildFile; fileRef = 2CF4EF892861DF970016CE9D /* CodableBundleExtension.swift */; };
		2CF4EF8C2861E8720016CE9D /* AnimalListItemView.swift in Sources */ = {isa = PBXBuildFile; fileRef = 2CF4EF8B2861E8720016CE9D /* AnimalListItemView.swift */; };
		2CF4EF8E2861EBC20016CE9D /* AnimalModel.swift in Sources */ = {isa = PBXBuildFile; fileRef = 2CF4EF8D2861EBC20016CE9D /* AnimalModel.swift */; };
/* End PBXBuildFile section */

/* Begin PBXContainerItemProxy section */
		2C36220A286340C1005C67A9 /* PBXContainerItemProxy */ = {
			isa = PBXContainerItemProxy;
			containerPortal = 2CF4EF412861CD400016CE9D /* Project object */;
			proxyType = 1;
			remoteGlobalIDString = 2C362204286340BF005C67A9;
			remoteInfo = Stickers;
		};
/* End PBXContainerItemProxy section */

/* Begin PBXCopyFilesBuildPhase section */
		2C362210286340C1005C67A9 /* Embed App Extensions */ = {
			isa = PBXCopyFilesBuildPhase;
			buildActionMask = 2147483647;
			dstPath = "";
			dstSubfolderSpec = 13;
			files = (
				2C36220C286340C1005C67A9 /* Stickers.appex in Embed App Extensions */,
			);
			name = "Embed App Extensions";
			runOnlyForDeploymentPostprocessing = 0;
		};
/* End PBXCopyFilesBuildPhase section */

/* Begin PBXFileReference section */
		2C2C40EB2861F33000CAE8D5 /* AnimalDetailView.swift */ = {isa = PBXFileReference; lastKnownFileType = sourcecode.swift; path = AnimalDetailView.swift; sourceTree = "<group>"; };
		2C2C40ED2861F80100CAE8D5 /* HeadingView.swift */ = {isa = PBXFileReference; lastKnownFileType = sourcecode.swift; path = HeadingView.swift; sourceTree = "<group>"; };
		2C2C40EF2861FA7C00CAE8D5 /* InsetGalleryView.swift */ = {isa = PBXFileReference; lastKnownFileType = sourcecode.swift; path = InsetGalleryView.swift; sourceTree = "<group>"; };
		2C2C40F12862004400CAE8D5 /* InsetFactView.swift */ = {isa = PBXFileReference; lastKnownFileType = sourcecode.swift; path = InsetFactView.swift; sourceTree = "<group>"; };
		2C2C40F3286203D400CAE8D5 /* InsetMapView.swift */ = {isa = PBXFileReference; lastKnownFileType = sourcecode.swift; path = InsetMapView.swift; sourceTree = "<group>"; };
		2C2C40F5286209BF00CAE8D5 /* ExternalWeblinkView.swift */ = {isa = PBXFileReference; lastKnownFileType = sourcecode.swift; path = ExternalWeblinkView.swift; sourceTree = "<group>"; };
		2C3621F22862EA52005C67A9 /* VideoModel.swift */ = {isa = PBXFileReference; lastKnownFileType = sourcecode.swift; path = VideoModel.swift; sourceTree = "<group>"; };
		2C3621F42862EB37005C67A9 /* VideoListItemView.swift */ = {isa = PBXFileReference; lastKnownFileType = sourcecode.swift; path = VideoListItemView.swift; sourceTree = "<group>"; };
		2C3621F62863022E005C67A9 /* VideoPlayerView.swift */ = {isa = PBXFileReference; lastKnownFileType = sourcecode.swift; path = VideoPlayerView.swift; sourceTree = "<group>"; };
		2C3621F9286303EF005C67A9 /* VideoPlayerHelper.swift */ = {isa = PBXFileReference; lastKnownFileType = sourcecode.swift; path = VideoPlayerHelper.swift; sourceTree = "<group>"; };
		2C3621FB28630AC1005C67A9 /* LocationModel.swift */ = {isa = PBXFileReference; lastKnownFileType = sourcecode.swift; path = LocationModel.swift; sourceTree = "<group>"; };
		2C3621FD286311A2005C67A9 /* MapAnnotationView.swift */ = {isa = PBXFileReference; lastKnownFileType = sourcecode.swift; path = MapAnnotationView.swift; sourceTree = "<group>"; };
		2C3621FF28631A37005C67A9 /* MotionAnimationView.swift */ = {isa = PBXFileReference; lastKnownFileType = sourcecode.swift; path = MotionAnimationView.swift; sourceTree = "<group>"; };
		2C36220128633696005C67A9 /* AnimalGridItemView.swift */ = {isa = PBXFileReference; lastKnownFileType = sourcecode.swift; path = AnimalGridItemView.swift; sourceTree = "<group>"; };
		2C362205286340BF005C67A9 /* Stickers.appex */ = {isa = PBXFileReference; explicitFileType = "wrapper.app-extension"; includeInIndex = 0; path = Stickers.appex; sourceTree = BUILT_PRODUCTS_DIR; };
		2C362207286340C1005C67A9 /* Stickers.xcassets */ = {isa = PBXFileReference; lastKnownFileType = folder.assetcatalog; path = Stickers.xcassets; sourceTree = "<group>"; };
		2C362209286340C1005C67A9 /* Info.plist */ = {isa = PBXFileReference; lastKnownFileType = text.plist.xml; path = Info.plist; sourceTree = "<group>"; };
		2C362211286343CF005C67A9 /* CreditsView.swift */ = {isa = PBXFileReference; lastKnownFileType = sourcecode.swift; path = CreditsView.swift; sourceTree = "<group>"; };
		2C362214286347C0005C67A9 /* CenterModifier.swift */ = {isa = PBXFileReference; lastKnownFileType = sourcecode.swift; path = CenterModifier.swift; sourceTree = "<group>"; };
		2C362216286349C3005C67A9 /* Africa.entitlements */ = {isa = PBXFileReference; lastKnownFileType = text.plist.entitlements; path = Africa.entitlements; sourceTree = "<group>"; };
		2CF4EF492861CD400016CE9D /* Africa.app */ = {isa = PBXFileReference; explicitFileType = wrapper.application; includeInIndex = 0; path = Africa.app; sourceTree = BUILT_PRODUCTS_DIR; };
		2CF4EF4C2861CD400016CE9D /* AfricaApp.swift */ = {isa = PBXFileReference; lastKnownFileType = sourcecode.swift; path = AfricaApp.swift; sourceTree = "<group>"; };
		2CF4EF4E2861CD400016CE9D /* ContentView.swift */ = {isa = PBXFileReference; lastKnownFileType = sourcecode.swift; path = ContentView.swift; sourceTree = "<group>"; };
		2CF4EF502861CD410016CE9D /* Assets.xcassets */ = {isa = PBXFileReference; lastKnownFileType = folder.assetcatalog; path = Assets.xcassets; sourceTree = "<group>"; };
		2CF4EF532861CD410016CE9D /* Preview Assets.xcassets */ = {isa = PBXFileReference; lastKnownFileType = folder.assetcatalog; path = "Preview Assets.xcassets"; sourceTree = "<group>"; };
		2CF4EF5B2861D1880016CE9D /* hippo.mp4 */ = {isa = PBXFileReference; lastKnownFileType = file; path = hippo.mp4; sourceTree = "<group>"; };
		2CF4EF5C2861D1880016CE9D /* lion.mp4 */ = {isa = PBXFileReference; lastKnownFileType = file; path = lion.mp4; sourceTree = "<group>"; };
		2CF4EF5D2861D1890016CE9D /* cheetah.mp4 */ = {isa = PBXFileReference; lastKnownFileType = file; path = cheetah.mp4; sourceTree = "<group>"; };
		2CF4EF5E2861D1890016CE9D /* gorilla.mp4 */ = {isa = PBXFileReference; lastKnownFileType = file; path = gorilla.mp4; sourceTree = "<group>"; };
		2CF4EF5F2861D1890016CE9D /* elephant.mp4 */ = {isa = PBXFileReference; lastKnownFileType = file; path = elephant.mp4; sourceTree = "<group>"; };
		2CF4EF602861D1890016CE9D /* lioness.mp4 */ = {isa = PBXFileReference; lastKnownFileType = file; path = lioness.mp4; sourceTree = "<group>"; };
		2CF4EF612861D1890016CE9D /* ostrich.mp4 */ = {isa = PBXFileReference; lastKnownFileType = file; path = ostrich.mp4; sourceTree = "<group>"; };
		2CF4EF622861D1890016CE9D /* giraffe.mp4 */ = {isa = PBXFileReference; lastKnownFileType = file; path = giraffe.mp4; sourceTree = "<group>"; };
		2CF4EF632861D18A0016CE9D /* zebra.mp4 */ = {isa = PBXFileReference; lastKnownFileType = file; path = zebra.mp4; sourceTree = "<group>"; };
		2CF4EF642861D18A0016CE9D /* rhino.mp4 */ = {isa = PBXFileReference; lastKnownFileType = file; path = rhino.mp4; sourceTree = "<group>"; };
		2CF4EF702861D27A0016CE9D /* locations.json */ = {isa = PBXFileReference; fileEncoding = 4; lastKnownFileType = text.json; path = locations.json; sourceTree = "<group>"; };
		2CF4EF712861D27A0016CE9D /* videos.json */ = {isa = PBXFileReference; fileEncoding = 4; lastKnownFileType = text.json; path = videos.json; sourceTree = "<group>"; };
		2CF4EF722861D27A0016CE9D /* animals.json */ = {isa = PBXFileReference; fileEncoding = 4; lastKnownFileType = text.json; path = animals.json; sourceTree = "<group>"; };
		2CF4EF732861D27A0016CE9D /* covers.json */ = {isa = PBXFileReference; fileEncoding = 4; lastKnownFileType = text.json; path = covers.json; sourceTree = "<group>"; };
		2CF4EF782861D4900016CE9D /* Info.plist */ = {isa = PBXFileReference; lastKnownFileType = text.plist; path = Info.plist; sourceTree = "<group>"; };
		2CF4EF7A2861D6AE0016CE9D /* VideoListView.swift */ = {isa = PBXFileReference; lastKnownFileType = sourcecode.swift; path = VideoListView.swift; sourceTree = "<group>"; };
		2CF4EF7C2861D6EC0016CE9D /* MapView.swift */ = {isa = PBXFileReference; lastKnownFileType = sourcecode.swift; path = MapView.swift; sourceTree = "<group>"; };
		2CF4EF7E2861D7190016CE9D /* GalleryView.swift */ = {isa = PBXFileReference; lastKnownFileType = sourcecode.swift; path = GalleryView.swift; sourceTree = "<group>"; };
		2CF4EF802861D74E0016CE9D /* MainView.swift */ = {isa = PBXFileReference; lastKnownFileType = sourcecode.swift; path = MainView.swift; sourceTree = "<group>"; };
		2CF4EF832861DAB90016CE9D /* CoverImageView.swift */ = {isa = PBXFileReference; lastKnownFileType = sourcecode.swift; path = CoverImageView.swift; sourceTree = "<group>"; };
		2CF4EF862861DDDE0016CE9D /* CoverImageModel.swift */ = {isa = PBXFileReference; lastKnownFileType = sourcecode.swift; path = CoverImageModel.swift; sourceTree = "<group>"; };
		2CF4EF892861DF970016CE9D /* CodableBundleExtension.swift */ = {isa = PBXFileReference; lastKnownFileType = sourcecode.swift; path = CodableBundleExtension.swift; sourceTree = "<group>"; };
		2CF4EF8B2861E8720016CE9D /* AnimalListItemView.swift */ = {isa = PBXFileReference; lastKnownFileType = sourcecode.swift; path = AnimalListItemView.swift; sourceTree = "<group>"; };
		2CF4EF8D2861EBC20016CE9D /* AnimalModel.swift */ = {isa = PBXFileReference; lastKnownFileType = sourcecode.swift; path = AnimalModel.swift; sourceTree = "<group>"; };
/* End PBXFileReference section */

/* Begin PBXFrameworksBuildPhase section */
		2CF4EF462861CD400016CE9D /* Frameworks */ = {
			isa = PBXFrameworksBuildPhase;
			buildActionMask = 2147483647;
			files = (
			);
			runOnlyForDeploymentPostprocessing = 0;
		};
/* End PBXFrameworksBuildPhase section */

/* Begin PBXGroup section */
		2C3621F8286303C3005C67A9 /* Helper */ = {
			isa = PBXGroup;
			children = (
				2C3621F9286303EF005C67A9 /* VideoPlayerHelper.swift */,
			);
			path = Helper;
			sourceTree = "<group>";
		};
		2C362206286340BF005C67A9 /* Stickers */ = {
			isa = PBXGroup;
			children = (
				2C362207286340C1005C67A9 /* Stickers.xcassets */,
				2C362209286340C1005C67A9 /* Info.plist */,
			);
			path = Stickers;
			sourceTree = "<group>";
		};
		2C36221328634798005C67A9 /* Modifier */ = {
			isa = PBXGroup;
			children = (
				2C362214286347C0005C67A9 /* CenterModifier.swift */,
			);
			path = Modifier;
			sourceTree = "<group>";
		};
		2CF4EF402861CD400016CE9D = {
			isa = PBXGroup;
			children = (
				2CF4EF4B2861CD400016CE9D /* Africa */,
				2C362206286340BF005C67A9 /* Stickers */,
				2CF4EF4A2861CD400016CE9D /* Products */,
			);
			sourceTree = "<group>";
		};
		2CF4EF4A2861CD400016CE9D /* Products */ = {
			isa = PBXGroup;
			children = (
				2CF4EF492861CD400016CE9D /* Africa.app */,
				2C362205286340BF005C67A9 /* Stickers.appex */,
			);
			name = Products;
			sourceTree = "<group>";
		};
		2CF4EF4B2861CD400016CE9D /* Africa */ = {
			isa = PBXGroup;
			children = (
				2C362216286349C3005C67A9 /* Africa.entitlements */,
				2C36221328634798005C67A9 /* Modifier */,
				2C3621F8286303C3005C67A9 /* Helper */,
				2CF4EF882861DF5D0016CE9D /* Extension */,
				2CF4EF852861DDAC0016CE9D /* Model */,
				2CF4EF822861DA900016CE9D /* View */,
				2CF4EF782861D4900016CE9D /* Info.plist */,
				2CF4EF6F2861D2030016CE9D /* Data */,
				2CF4EF5A2861D1350016CE9D /* Video */,
				2CF4EF792861D60F0016CE9D /* App */,
				2CF4EF502861CD410016CE9D /* Assets.xcassets */,
				2CF4EF522861CD410016CE9D /* Preview Content */,
			);
			path = Africa;
			sourceTree = "<group>";
		};
		2CF4EF522861CD410016CE9D /* Preview Content */ = {
			isa = PBXGroup;
			children = (
				2CF4EF532861CD410016CE9D /* Preview Assets.xcassets */,
			);
			path = "Preview Content";
			sourceTree = "<group>";
		};
		2CF4EF5A2861D1350016CE9D /* Video */ = {
			isa = PBXGroup;
			children = (
				2CF4EF5D2861D1890016CE9D /* cheetah.mp4 */,
				2CF4EF5F2861D1890016CE9D /* elephant.mp4 */,
				2CF4EF622861D1890016CE9D /* giraffe.mp4 */,
				2CF4EF5E2861D1890016CE9D /* gorilla.mp4 */,
				2CF4EF5B2861D1880016CE9D /* hippo.mp4 */,
				2CF4EF5C2861D1880016CE9D /* lion.mp4 */,
				2CF4EF602861D1890016CE9D /* lioness.mp4 */,
				2CF4EF612861D1890016CE9D /* ostrich.mp4 */,
				2CF4EF642861D18A0016CE9D /* rhino.mp4 */,
				2CF4EF632861D18A0016CE9D /* zebra.mp4 */,
			);
			path = Video;
			sourceTree = "<group>";
		};
		2CF4EF6F2861D2030016CE9D /* Data */ = {
			isa = PBXGroup;
			children = (
				2CF4EF722861D27A0016CE9D /* animals.json */,
				2CF4EF732861D27A0016CE9D /* covers.json */,
				2CF4EF702861D27A0016CE9D /* locations.json */,
				2CF4EF712861D27A0016CE9D /* videos.json */,
			);
			path = Data;
			sourceTree = "<group>";
		};
		2CF4EF792861D60F0016CE9D /* App */ = {
			isa = PBXGroup;
			children = (
				2CF4EF4C2861CD400016CE9D /* AfricaApp.swift */,
				2CF4EF4E2861CD400016CE9D /* ContentView.swift */,
				2CF4EF7A2861D6AE0016CE9D /* VideoListView.swift */,
				2CF4EF7C2861D6EC0016CE9D /* MapView.swift */,
				2CF4EF7E2861D7190016CE9D /* GalleryView.swift */,
				2CF4EF802861D74E0016CE9D /* MainView.swift */,
			);
			path = App;
			sourceTree = "<group>";
		};
		2CF4EF822861DA900016CE9D /* View */ = {
			isa = PBXGroup;
			children = (
				2CF4EF832861DAB90016CE9D /* CoverImageView.swift */,
				2CF4EF8B2861E8720016CE9D /* AnimalListItemView.swift */,
				2C2C40EB2861F33000CAE8D5 /* AnimalDetailView.swift */,
				2C2C40ED2861F80100CAE8D5 /* HeadingView.swift */,
				2C2C40EF2861FA7C00CAE8D5 /* InsetGalleryView.swift */,
				2C2C40F12862004400CAE8D5 /* InsetFactView.swift */,
				2C2C40F3286203D400CAE8D5 /* InsetMapView.swift */,
				2C2C40F5286209BF00CAE8D5 /* ExternalWeblinkView.swift */,
				2C3621F42862EB37005C67A9 /* VideoListItemView.swift */,
				2C3621F62863022E005C67A9 /* VideoPlayerView.swift */,
				2C3621FD286311A2005C67A9 /* MapAnnotationView.swift */,
				2C3621FF28631A37005C67A9 /* MotionAnimationView.swift */,
				2C36220128633696005C67A9 /* AnimalGridItemView.swift */,
				2C362211286343CF005C67A9 /* CreditsView.swift */,
			);
			path = View;
			sourceTree = "<group>";
		};
		2CF4EF852861DDAC0016CE9D /* Model */ = {
			isa = PBXGroup;
			children = (
				2CF4EF862861DDDE0016CE9D /* CoverImageModel.swift */,
				2CF4EF8D2861EBC20016CE9D /* AnimalModel.swift */,
				2C3621F22862EA52005C67A9 /* VideoModel.swift */,
				2C3621FB28630AC1005C67A9 /* LocationModel.swift */,
			);
			path = Model;
			sourceTree = "<group>";
		};
		2CF4EF882861DF5D0016CE9D /* Extension */ = {
			isa = PBXGroup;
			children = (
				2CF4EF892861DF970016CE9D /* CodableBundleExtension.swift */,
			);
			path = Extension;
			sourceTree = "<group>";
		};
/* End PBXGroup section */

/* Begin PBXNativeTarget section */
		2C362204286340BF005C67A9 /* Stickers */ = {
			isa = PBXNativeTarget;
			buildConfigurationList = 2C36220D286340C1005C67A9 /* Build configuration list for PBXNativeTarget "Stickers" */;
			buildPhases = (
				2C362203286340BF005C67A9 /* Resources */,
			);
			buildRules = (
			);
			dependencies = (
			);
			name = Stickers;
			productName = Stickers;
			productReference = 2C362205286340BF005C67A9 /* Stickers.appex */;
			productType = "com.apple.product-type.app-extension.messages-sticker-pack";
		};
		2CF4EF482861CD400016CE9D /* Africa */ = {
			isa = PBXNativeTarget;
			buildConfigurationList = 2CF4EF572861CD410016CE9D /* Build configuration list for PBXNativeTarget "Africa" */;
			buildPhases = (
				2CF4EF452861CD400016CE9D /* Sources */,
				2CF4EF462861CD400016CE9D /* Frameworks */,
				2CF4EF472861CD400016CE9D /* Resources */,
				2C362210286340C1005C67A9 /* Embed App Extensions */,
			);
			buildRules = (
			);
			dependencies = (
				2C36220B286340C1005C67A9 /* PBXTargetDependency */,
			);
			name = Africa;
			productName = Africa;
			productReference = 2CF4EF492861CD400016CE9D /* Africa.app */;
			productType = "com.apple.product-type.application";
		};
/* End PBXNativeTarget section */

/* Begin PBXProject section */
		2CF4EF412861CD400016CE9D /* Project object */ = {
			isa = PBXProject;
			attributes = {
				BuildIndependentTargetsInParallel = 1;
				LastSwiftUpdateCheck = 1340;
				LastUpgradeCheck = 1340;
				TargetAttributes = {
					2C362204286340BF005C67A9 = {
						CreatedOnToolsVersion = 13.4.1;
					};
					2CF4EF482861CD400016CE9D = {
						CreatedOnToolsVersion = 13.4.1;
					};
				};
			};
			buildConfigurationList = 2CF4EF442861CD400016CE9D /* Build configuration list for PBXProject "Africa" */;
			compatibilityVersion = "Xcode 13.0";
			developmentRegion = en;
			hasScannedForEncodings = 0;
			knownRegions = (
				en,
				Base,
			);
			mainGroup = 2CF4EF402861CD400016CE9D;
			productRefGroup = 2CF4EF4A2861CD400016CE9D /* Products */;
			projectDirPath = "";
			projectRoot = "";
			targets = (
				2CF4EF482861CD400016CE9D /* Africa */,
				2C362204286340BF005C67A9 /* Stickers */,
			);
		};
/* End PBXProject section */

/* Begin PBXResourcesBuildPhase section */
		2C362203286340BF005C67A9 /* Resources */ = {
			isa = PBXResourcesBuildPhase;
			buildActionMask = 2147483647;
			files = (
				2C362208286340C1005C67A9 /* Stickers.xcassets in Resources */,
			);
			runOnlyForDeploymentPostprocessing = 0;
		};
		2CF4EF472861CD400016CE9D /* Resources */ = {
			isa = PBXResourcesBuildPhase;
			buildActionMask = 2147483647;
			files = (
				2CF4EF762861D27A0016CE9D /* animals.json in Resources */,
				2CF4EF742861D27A0016CE9D /* locations.json in Resources */,
				2CF4EF6E2861D18A0016CE9D /* rhino.mp4 in Resources */,
				2CF4EF542861CD410016CE9D /* Preview Assets.xcassets in Resources */,
				2CF4EF752861D27A0016CE9D /* videos.json in Resources */,
				2CF4EF772861D27A0016CE9D /* covers.json in Resources */,
				2CF4EF672861D18A0016CE9D /* cheetah.mp4 in Resources */,
				2CF4EF662861D18A0016CE9D /* lion.mp4 in Resources */,
				2CF4EF6B2861D18A0016CE9D /* ostrich.mp4 in Resources */,
				2CF4EF6C2861D18A0016CE9D /* giraffe.mp4 in Resources */,
				2CF4EF652861D18A0016CE9D /* hippo.mp4 in Resources */,
				2CF4EF6D2861D18A0016CE9D /* zebra.mp4 in Resources */,
				2CF4EF692861D18A0016CE9D /* elephant.mp4 in Resources */,
				2CF4EF682861D18A0016CE9D /* gorilla.mp4 in Resources */,
				2CF4EF512861CD410016CE9D /* Assets.xcassets in Resources */,
				2CF4EF6A2861D18A0016CE9D /* lioness.mp4 in Resources */,
			);
			runOnlyForDeploymentPostprocessing = 0;
		};
/* End PBXResourcesBuildPhase section */

/* Begin PBXSourcesBuildPhase section */
		2CF4EF452861CD400016CE9D /* Sources */ = {
			isa = PBXSourcesBuildPhase;
			buildActionMask = 2147483647;
			files = (
				2C2C40F6286209C000CAE8D5 /* ExternalWeblinkView.swift in Sources */,
				2CF4EF4F2861CD400016CE9D /* ContentView.swift in Sources */,
				2CF4EF8C2861E8720016CE9D /* AnimalListItemView.swift in Sources */,
				2CF4EF812861D74E0016CE9D /* MainView.swift in Sources */,
				2C2C40F22862004400CAE8D5 /* InsetFactView.swift in Sources */,
				2CF4EF842861DAB90016CE9D /* CoverImageView.swift in Sources */,
				2CF4EF872861DDDE0016CE9D /* CoverImageModel.swift in Sources */,
				2C2C40EC2861F33000CAE8D5 /* AnimalDetailView.swift in Sources */,
				2CF4EF8E2861EBC20016CE9D /* AnimalModel.swift in Sources */,
				2CF4EF7D2861D6EC0016CE9D /* MapView.swift in Sources */,
				2C3621FA286303EF005C67A9 /* VideoPlayerHelper.swift in Sources */,
				2C2C40F4286203D400CAE8D5 /* InsetMapView.swift in Sources */,
				2CF4EF4D2861CD400016CE9D /* AfricaApp.swift in Sources */,
				2C3621FE286311A2005C67A9 /* MapAnnotationView.swift in Sources */,
				2CF4EF7B2861D6AE0016CE9D /* VideoListView.swift in Sources */,
				2C3621F32862EA53005C67A9 /* VideoModel.swift in Sources */,
				2CF4EF7F2861D7190016CE9D /* GalleryView.swift in Sources */,
				2C3621FC28630AC1005C67A9 /* LocationModel.swift in Sources */,
				2C36220228633696005C67A9 /* AnimalGridItemView.swift in Sources */,
				2C2C40F02861FA7C00CAE8D5 /* InsetGalleryView.swift in Sources */,
				2C3621F52862EB37005C67A9 /* VideoListItemView.swift in Sources */,
				2C362212286343CF005C67A9 /* CreditsView.swift in Sources */,
				2CF4EF8A2861DF970016CE9D /* CodableBundleExtension.swift in Sources */,
				2C36220028631A37005C67A9 /* MotionAnimationView.swift in Sources */,
				2C362215286347C0005C67A9 /* CenterModifier.swift in Sources */,
				2C2C40EE2861F80100CAE8D5 /* HeadingView.swift in Sources */,
				2C3621F72863022E005C67A9 /* VideoPlayerView.swift in Sources */,
			);
			runOnlyForDeploymentPostprocessing = 0;
		};
/* End PBXSourcesBuildPhase section */

/* Begin PBXTargetDependency section */
		2C36220B286340C1005C67A9 /* PBXTargetDependency */ = {
			isa = PBXTargetDependency;
			platformFilter = ios;
			target = 2C362204286340BF005C67A9 /* Stickers */;
			targetProxy = 2C36220A286340C1005C67A9 /* PBXContainerItemProxy */;
		};
/* End PBXTargetDependency section */

/* Begin XCBuildConfiguration section */
		2C36220E286340C1005C67A9 /* Debug */ = {
			isa = XCBuildConfiguration;
			buildSettings = {
				ASSETCATALOG_COMPILER_APPICON_NAME = "iMessage App Icon";
				CODE_SIGN_STYLE = Automatic;
				CURRENT_PROJECT_VERSION = 1;
				GENERATE_INFOPLIST_FILE = YES;
				INFOPLIST_FILE = Stickers/Info.plist;
				INFOPLIST_KEY_CFBundleDisplayName = Africa;
				IPHONEOS_DEPLOYMENT_TARGET = 10.0;
				MARKETING_VERSION = 1.0;
				PRODUCT_BUNDLE_IDENTIFIER = mk.devlab.Africa.Stickers;
				PRODUCT_NAME = "$(TARGET_NAME)";
				SKIP_INSTALL = YES;
				SUPPORTS_MACCATALYST = NO;
				SWIFT_EMIT_LOC_STRINGS = YES;
				TARGETED_DEVICE_FAMILY = "1,2";
			};
			name = Debug;
		};
		2C36220F286340C1005C67A9 /* Release */ = {
			isa = XCBuildConfiguration;
			buildSettings = {
				ASSETCATALOG_COMPILER_APPICON_NAME = "iMessage App Icon";
				CODE_SIGN_STYLE = Automatic;
				CURRENT_PROJECT_VERSION = 1;
				GENERATE_INFOPLIST_FILE = YES;
				INFOPLIST_FILE = Stickers/Info.plist;
				INFOPLIST_KEY_CFBundleDisplayName = Africa;
				IPHONEOS_DEPLOYMENT_TARGET = 10.0;
				MARKETING_VERSION = 1.0;
				PRODUCT_BUNDLE_IDENTIFIER = mk.devlab.Africa.Stickers;
				PRODUCT_NAME = "$(TARGET_NAME)";
				SKIP_INSTALL = YES;
				SUPPORTS_MACCATALYST = NO;
				SWIFT_EMIT_LOC_STRINGS = YES;
				TARGETED_DEVICE_FAMILY = "1,2";
			};
			name = Release;
		};
		2CF4EF552861CD410016CE9D /* Debug */ = {
			isa = XCBuildConfiguration;
			buildSettings = {
				ALWAYS_SEARCH_USER_PATHS = NO;
				CLANG_ANALYZER_NONNULL = YES;
				CLANG_ANALYZER_NUMBER_OBJECT_CONVERSION = YES_AGGRESSIVE;
				CLANG_CXX_LANGUAGE_STANDARD = "gnu++17";
				CLANG_ENABLE_MODULES = YES;
				CLANG_ENABLE_OBJC_ARC = YES;
				CLANG_ENABLE_OBJC_WEAK = YES;
				CLANG_WARN_BLOCK_CAPTURE_AUTORELEASING = YES;
				CLANG_WARN_BOOL_CONVERSION = YES;
				CLANG_WARN_COMMA = YES;
				CLANG_WARN_CONSTANT_CONVERSION = YES;
				CLANG_WARN_DEPRECATED_OBJC_IMPLEMENTATIONS = YES;
				CLANG_WARN_DIRECT_OBJC_ISA_USAGE = YES_ERROR;
				CLANG_WARN_DOCUMENTATION_COMMENTS = YES;
				CLANG_WARN_EMPTY_BODY = YES;
				CLANG_WARN_ENUM_CONVERSION = YES;
				CLANG_WARN_INFINITE_RECURSION = YES;
				CLANG_WARN_INT_CONVERSION = YES;
				CLANG_WARN_NON_LITERAL_NULL_CONVERSION = YES;
				CLANG_WARN_OBJC_IMPLICIT_RETAIN_SELF = YES;
				CLANG_WARN_OBJC_LITERAL_CONVERSION = YES;
				CLANG_WARN_OBJC_ROOT_CLASS = YES_ERROR;
				CLANG_WARN_QUOTED_INCLUDE_IN_FRAMEWORK_HEADER = YES;
				CLANG_WARN_RANGE_LOOP_ANALYSIS = YES;
				CLANG_WARN_STRICT_PROTOTYPES = YES;
				CLANG_WARN_SUSPICIOUS_MOVE = YES;
				CLANG_WARN_UNGUARDED_AVAILABILITY = YES_AGGRESSIVE;
				CLANG_WARN_UNREACHABLE_CODE = YES;
				CLANG_WARN__DUPLICATE_METHOD_MATCH = YES;
				COPY_PHASE_STRIP = NO;
				DEBUG_INFORMATION_FORMAT = dwarf;
				ENABLE_STRICT_OBJC_MSGSEND = YES;
				ENABLE_TESTABILITY = YES;
				GCC_C_LANGUAGE_STANDARD = gnu11;
				GCC_DYNAMIC_NO_PIC = NO;
				GCC_NO_COMMON_BLOCKS = YES;
				GCC_OPTIMIZATION_LEVEL = 0;
				GCC_PREPROCESSOR_DEFINITIONS = (
					"DEBUG=1",
					"$(inherited)",
				);
				GCC_WARN_64_TO_32_BIT_CONVERSION = YES;
				GCC_WARN_ABOUT_RETURN_TYPE = YES_ERROR;
				GCC_WARN_UNDECLARED_SELECTOR = YES;
				GCC_WARN_UNINITIALIZED_AUTOS = YES_AGGRESSIVE;
				GCC_WARN_UNUSED_FUNCTION = YES;
				GCC_WARN_UNUSED_VARIABLE = YES;
				IPHONEOS_DEPLOYMENT_TARGET = 15.5;
				MTL_ENABLE_DEBUG_INFO = INCLUDE_SOURCE;
				MTL_FAST_MATH = YES;
				ONLY_ACTIVE_ARCH = YES;
				SDKROOT = iphoneos;
				SWIFT_ACTIVE_COMPILATION_CONDITIONS = DEBUG;
				SWIFT_OPTIMIZATION_LEVEL = "-Onone";
			};
			name = Debug;
		};
		2CF4EF562861CD410016CE9D /* Release */ = {
			isa = XCBuildConfiguration;
			buildSettings = {
				ALWAYS_SEARCH_USER_PATHS = NO;
				CLANG_ANALYZER_NONNULL = YES;
				CLANG_ANALYZER_NUMBER_OBJECT_CONVERSION = YES_AGGRESSIVE;
				CLANG_CXX_LANGUAGE_STANDARD = "gnu++17";
				CLANG_ENABLE_MODULES = YES;
				CLANG_ENABLE_OBJC_ARC = YES;
				CLANG_ENABLE_OBJC_WEAK = YES;
				CLANG_WARN_BLOCK_CAPTURE_AUTORELEASING = YES;
				CLANG_WARN_BOOL_CONVERSION = YES;
				CLANG_WARN_COMMA = YES;
				CLANG_WARN_CONSTANT_CONVERSION = YES;
				CLANG_WARN_DEPRECATED_OBJC_IMPLEMENTATIONS = YES;
				CLANG_WARN_DIRECT_OBJC_ISA_USAGE = YES_ERROR;
				CLANG_WARN_DOCUMENTATION_COMMENTS = YES;
				CLANG_WARN_EMPTY_BODY = YES;
				CLANG_WARN_ENUM_CONVERSION = YES;
				CLANG_WARN_INFINITE_RECURSION = YES;
				CLANG_WARN_INT_CONVERSION = YES;
				CLANG_WARN_NON_LITERAL_NULL_CONVERSION = YES;
				CLANG_WARN_OBJC_IMPLICIT_RETAIN_SELF = YES;
				CLANG_WARN_OBJC_LITERAL_CONVERSION = YES;
				CLANG_WARN_OBJC_ROOT_CLASS = YES_ERROR;
				CLANG_WARN_QUOTED_INCLUDE_IN_FRAMEWORK_HEADER = YES;
				CLANG_WARN_RANGE_LOOP_ANALYSIS = YES;
				CLANG_WARN_STRICT_PROTOTYPES = YES;
				CLANG_WARN_SUSPICIOUS_MOVE = YES;
				CLANG_WARN_UNGUARDED_AVAILABILITY = YES_AGGRESSIVE;
				CLANG_WARN_UNREACHABLE_CODE = YES;
				CLANG_WARN__DUPLICATE_METHOD_MATCH = YES;
				COPY_PHASE_STRIP = NO;
				DEBUG_INFORMATION_FORMAT = "dwarf-with-dsym";
				ENABLE_NS_ASSERTIONS = NO;
				ENABLE_STRICT_OBJC_MSGSEND = YES;
				GCC_C_LANGUAGE_STANDARD = gnu11;
				GCC_NO_COMMON_BLOCKS = YES;
				GCC_WARN_64_TO_32_BIT_CONVERSION = YES;
				GCC_WARN_ABOUT_RETURN_TYPE = YES_ERROR;
				GCC_WARN_UNDECLARED_SELECTOR = YES;
				GCC_WARN_UNINITIALIZED_AUTOS = YES_AGGRESSIVE;
				GCC_WARN_UNUSED_FUNCTION = YES;
				GCC_WARN_UNUSED_VARIABLE = YES;
				IPHONEOS_DEPLOYMENT_TARGET = 15.5;
				MTL_ENABLE_DEBUG_INFO = NO;
				MTL_FAST_MATH = YES;
				SDKROOT = iphoneos;
				SWIFT_COMPILATION_MODE = wholemodule;
				SWIFT_OPTIMIZATION_LEVEL = "-O";
				VALIDATE_PRODUCT = YES;
			};
			name = Release;
		};
		2CF4EF582861CD410016CE9D /* Debug */ = {
			isa = XCBuildConfiguration;
			buildSettings = {
				ASSETCATALOG_COMPILER_APPICON_NAME = AppIcon;
				ASSETCATALOG_COMPILER_GLOBAL_ACCENT_COLOR_NAME = AccentColor;
				CODE_SIGN_ENTITLEMENTS = Africa/Africa.entitlements;
				CODE_SIGN_STYLE = Automatic;
				CURRENT_PROJECT_VERSION = 1;
				DEVELOPMENT_ASSET_PATHS = "\"Africa/Preview Content\"";
				ENABLE_PREVIEWS = YES;
				GENERATE_INFOPLIST_FILE = YES;
				INFOPLIST_FILE = Africa/Info.plist;
				INFOPLIST_KEY_UIApplicationSceneManifest_Generation = YES;
				INFOPLIST_KEY_UIApplicationSupportsIndirectInputEvents = YES;
				INFOPLIST_KEY_UISupportedInterfaceOrientations = "UIInterfaceOrientationPortrait UIInterfaceOrientationLandscapeLeft UIInterfaceOrientationLandscapeRight";
				INFOPLIST_KEY_UISupportedInterfaceOrientations_iPad = "UIInterfaceOrientationPortrait UIInterfaceOrientationPortraitUpsideDown UIInterfaceOrientationLandscapeLeft UIInterfaceOrientationLandscapeRight";
				INFOPLIST_KEY_UISupportedInterfaceOrientations_iPhone = "UIInterfaceOrientationPortrait UIInterfaceOrientationLandscapeLeft UIInterfaceOrientationLandscapeRight";
				INFOPLIST_KEY_UIUserInterfaceStyle = Dark;
				LD_RUNPATH_SEARCH_PATHS = (
					"$(inherited)",
					"@executable_path/Frameworks",
				);
				MARKETING_VERSION = 1.0;
				PRODUCT_BUNDLE_IDENTIFIER = mk.devlab.Africa;
				PRODUCT_NAME = "$(TARGET_NAME)";
				SUPPORTS_MACCATALYST = YES;
				SWIFT_EMIT_LOC_STRINGS = YES;
				SWIFT_VERSION = 5.0;
				TARGETED_DEVICE_FAMILY = "1,2";
			};
			name = Debug;
		};
		2CF4EF592861CD410016CE9D /* Release */ = {
			isa = XCBuildConfiguration;
			buildSettings = {
				ASSETCATALOG_COMPILER_APPICON_NAME = AppIcon;
				ASSETCATALOG_COMPILER_GLOBAL_ACCENT_COLOR_NAME = AccentColor;
				CODE_SIGN_ENTITLEMENTS = Africa/Africa.entitlements;
				CODE_SIGN_STYLE = Automatic;
				CURRENT_PROJECT_VERSION = 1;
				DEVELOPMENT_ASSET_PATHS = "\"Africa/Preview Content\"";
				ENABLE_PREVIEWS = YES;
				GENERATE_INFOPLIST_FILE = YES;
				INFOPLIST_FILE = Africa/Info.plist;
				INFOPLIST_KEY_UIApplicationSceneManifest_Generation = YES;
				INFOPLIST_KEY_UIApplicationSupportsIndirectInputEvents = YES;
				INFOPLIST_KEY_UISupportedInterfaceOrientations = "UIInterfaceOrientationPortrait UIInterfaceOrientationLandscapeLeft UIInterfaceOrientationLandscapeRight";
				INFOPLIST_KEY_UISupportedInterfaceOrientations_iPad = "UIInterfaceOrientationPortrait UIInterfaceOrientationPortraitUpsideDown UIInterfaceOrientationLandscapeLeft UIInterfaceOrientationLandscapeRight";
				INFOPLIST_KEY_UISupportedInterfaceOrientations_iPhone = "UIInterfaceOrientationPortrait UIInterfaceOrientationLandscapeLeft UIInterfaceOrientationLandscapeRight";
				INFOPLIST_KEY_UIUserInterfaceStyle = Dark;
				LD_RUNPATH_SEARCH_PATHS = (
					"$(inherited)",
					"@executable_path/Frameworks",
				);
				MARKETING_VERSION = 1.0;
				PRODUCT_BUNDLE_IDENTIFIER = mk.devlab.Africa;
				PRODUCT_NAME = "$(TARGET_NAME)";
				SUPPORTS_MACCATALYST = YES;
				SWIFT_EMIT_LOC_STRINGS = YES;
				SWIFT_VERSION = 5.0;
				TARGETED_DEVICE_FAMILY = "1,2";
			};
			name = Release;
		};
/* End XCBuildConfiguration section */

/* Begin XCConfigurationList section */
		2C36220D286340C1005C67A9 /* Build configuration list for PBXNativeTarget "Stickers" */ = {
			isa = XCConfigurationList;
			buildConfigurations = (
				2C36220E286340C1005C67A9 /* Debug */,
				2C36220F286340C1005C67A9 /* Release */,
			);
			defaultConfigurationIsVisible = 0;
			defaultConfigurationName = Release;
		};
		2CF4EF442861CD400016CE9D /* Build configuration list for PBXProject "Africa" */ = {
			isa = XCConfigurationList;
			buildConfigurations = (
				2CF4EF552861CD410016CE9D /* Debug */,
				2CF4EF562861CD410016CE9D /* Release */,
			);
			defaultConfigurationIsVisible = 0;
			defaultConfigurationName = Release;
		};
		2CF4EF572861CD410016CE9D /* Build configuration list for PBXNativeTarget "Africa" */ = {
			isa = XCConfigurationList;
			buildConfigurations = (
				2CF4EF582861CD410016CE9D /* Debug */,
				2CF4EF592861CD410016CE9D /* Release */,
			);
			defaultConfigurationIsVisible = 0;
			defaultConfigurationName = Release;
		};
/* End XCConfigurationList section */
	};
	rootObject = 2CF4EF412861CD400016CE9D /* Project object */;
}
