// !$*UTF8*$!
{
	archiveVersion = 1;
	classes = {
	};
	objectVersion = 55;
	objects = {

/* Begin PBXBuildFile section */
		2C4C7DF3283F63BB00BFFEF7 /* CircleGroupView.swift in Sources */ = {isa = PBXBuildFile; fileRef = 2C4C7DF2283F63BB00BFFEF7 /* CircleGroupView.swift */; };
		2CA121212841048D00CFC03C /* AudioPlayer.swift in Sources */ = {isa = PBXBuildFile; fileRef = 2CA121202841048C00CFC03C /* AudioPlayer.swift */; };
		2CBAF1BF2827FE1400A2CFB0 /* RestartApp.swift in Sources */ = {isa = PBXBuildFile; fileRef = 2CBAF1BE2827FE1400A2CFB0 /* RestartApp.swift */; };
		2CBAF1C12827FE1400A2CFB0 /* ContentView.swift in Sources */ = {isa = PBXBuildFile; fileRef = 2CBAF1C02827FE1400A2CFB0 /* ContentView.swift */; };
		2CBAF1C32827FE1500A2CFB0 /* Assets.xcassets in Resources */ = {isa = PBXBuildFile; fileRef = 2CBAF1C22827FE1500A2CFB0 /* Assets.xcassets */; };
		2CBAF1C62827FE1500A2CFB0 /* Preview Assets.xcassets in Resources */ = {isa = PBXBuildFile; fileRef = 2CBAF1C52827FE1500A2CFB0 /* Preview Assets.xcassets */; };
		2CBAF1CE2827FF2200A2CFB0 /* success.m4a in Resources */ = {isa = PBXBuildFile; fileRef = 2CBAF1CC2827FF2200A2CFB0 /* success.m4a */; };
		2CBAF1CF2827FF2200A2CFB0 /* chimeup.mp3 in Resources */ = {isa = PBXBuildFile; fileRef = 2CBAF1CD2827FF2200A2CFB0 /* chimeup.mp3 */; };
		2CBAF1D62828048C00A2CFB0 /* OnboardingView.swift in Sources */ = {isa = PBXBuildFile; fileRef = 2CBAF1D52828048C00A2CFB0 /* OnboardingView.swift */; };
		2CBAF1D8282804AF00A2CFB0 /* HomeView.swift in Sources */ = {isa = PBXBuildFile; fileRef = 2CBAF1D7282804AF00A2CFB0 /* HomeView.swift */; };
/* End PBXBuildFile section */

/* Begin PBXFileReference section */
		2C4C7DF2283F63BB00BFFEF7 /* CircleGroupView.swift */ = {isa = PBXFileReference; lastKnownFileType = sourcecode.swift; path = CircleGroupView.swift; sourceTree = "<group>"; };
		2CA121202841048C00CFC03C /* AudioPlayer.swift */ = {isa = PBXFileReference; lastKnownFileType = sourcecode.swift; path = AudioPlayer.swift; sourceTree = "<group>"; };
		2CBAF1BB2827FE1400A2CFB0 /* Restart.app */ = {isa = PBXFileReference; explicitFileType = wrapper.application; includeInIndex = 0; path = Restart.app; sourceTree = BUILT_PRODUCTS_DIR; };
		2CBAF1BE2827FE1400A2CFB0 /* RestartApp.swift */ = {isa = PBXFileReference; lastKnownFileType = sourcecode.swift; path = RestartApp.swift; sourceTree = "<group>"; };
		2CBAF1C02827FE1400A2CFB0 /* ContentView.swift */ = {isa = PBXFileReference; lastKnownFileType = sourcecode.swift; path = ContentView.swift; sourceTree = "<group>"; };
		2CBAF1C22827FE1500A2CFB0 /* Assets.xcassets */ = {isa = PBXFileReference; lastKnownFileType = folder.assetcatalog; path = Assets.xcassets; sourceTree = "<group>"; };
		2CBAF1C52827FE1500A2CFB0 /* Preview Assets.xcassets */ = {isa = PBXFileReference; lastKnownFileType = folder.assetcatalog; path = "Preview Assets.xcassets"; sourceTree = "<group>"; };
		2CBAF1CC2827FF2200A2CFB0 /* success.m4a */ = {isa = PBXFileReference; lastKnownFileType = file; path = success.m4a; sourceTree = "<group>"; };
		2CBAF1CD2827FF2200A2CFB0 /* chimeup.mp3 */ = {isa = PBXFileReference; lastKnownFileType = audio.mp3; path = chimeup.mp3; sourceTree = "<group>"; };
		2CBAF1D4282803CD00A2CFB0 /* Info.plist */ = {isa = PBXFileReference; lastKnownFileType = text.plist; path = Info.plist; sourceTree = "<group>"; };
		2CBAF1D52828048C00A2CFB0 /* OnboardingView.swift */ = {isa = PBXFileReference; lastKnownFileType = sourcecode.swift; path = OnboardingView.swift; sourceTree = "<group>"; };
		2CBAF1D7282804AF00A2CFB0 /* HomeView.swift */ = {isa = PBXFileReference; lastKnownFileType = sourcecode.swift; path = HomeView.swift; sourceTree = "<group>"; };
/* End PBXFileReference section */

/* Begin PBXFrameworksBuildPhase section */
		2CBAF1B82827FE1400A2CFB0 /* Frameworks */ = {
			isa = PBXFrameworksBuildPhase;
			buildActionMask = 2147483647;
			files = (
			);
			runOnlyForDeploymentPostprocessing = 0;
		};
/* End PBXFrameworksBuildPhase section */

/* Begin PBXGroup section */
		2CBAF1B22827FE1400A2CFB0 = {
			isa = PBXGroup;
			children = (
				2CBAF1BD2827FE1400A2CFB0 /* Restart */,
				2CBAF1BC2827FE1400A2CFB0 /* Products */,
			);
			sourceTree = "<group>";
		};
		2CBAF1BC2827FE1400A2CFB0 /* Products */ = {
			isa = PBXGroup;
			children = (
				2CBAF1BB2827FE1400A2CFB0 /* Restart.app */,
			);
			name = Products;
			sourceTree = "<group>";
		};
		2CBAF1BD2827FE1400A2CFB0 /* Restart */ = {
			isa = PBXGroup;
			children = (
				2CBAF1D4282803CD00A2CFB0 /* Info.plist */,
				2CBAF1D3282801EB00A2CFB0 /* Utilities */,
				2CBAF1D2282801BA00A2CFB0 /* Views */,
				2CBAF1D02827FF4800A2CFB0 /* Sounds */,
				2CBAF1BE2827FE1400A2CFB0 /* RestartApp.swift */,
				2CBAF1D12828018D00A2CFB0 /* Screens */,
				2CBAF1C22827FE1500A2CFB0 /* Assets.xcassets */,
				2CBAF1C42827FE1500A2CFB0 /* Preview Content */,
			);
			path = Restart;
			sourceTree = "<group>";
		};
		2CBAF1C42827FE1500A2CFB0 /* Preview Content */ = {
			isa = PBXGroup;
			children = (
				2CBAF1C52827FE1500A2CFB0 /* Preview Assets.xcassets */,
			);
			path = "Preview Content";
			sourceTree = "<group>";
		};
		2CBAF1D02827FF4800A2CFB0 /* Sounds */ = {
			isa = PBXGroup;
			children = (
				2CBAF1CD2827FF2200A2CFB0 /* chimeup.mp3 */,
				2CBAF1CC2827FF2200A2CFB0 /* success.m4a */,
			);
			path = Sounds;
			sourceTree = "<group>";
		};
		2CBAF1D12828018D00A2CFB0 /* Screens */ = {
			isa = PBXGroup;
			children = (
				2CBAF1C02827FE1400A2CFB0 /* ContentView.swift */,
				2CBAF1D52828048C00A2CFB0 /* OnboardingView.swift */,
				2CBAF1D7282804AF00A2CFB0 /* HomeView.swift */,
			);
			path = Screens;
			sourceTree = "<group>";
		};
		2CBAF1D2282801BA00A2CFB0 /* Views */ = {
			isa = PBXGroup;
			children = (
				2C4C7DF2283F63BB00BFFEF7 /* CircleGroupView.swift */,
			);
			path = Views;
			sourceTree = "<group>";
		};
		2CBAF1D3282801EB00A2CFB0 /* Utilities */ = {
			isa = PBXGroup;
			children = (
				2CA121202841048C00CFC03C /* AudioPlayer.swift */,
			);
			path = Utilities;
			sourceTree = "<group>";
		};
/* End PBXGroup section */

/* Begin PBXNativeTarget section */
		2CBAF1BA2827FE1400A2CFB0 /* Restart */ = {
			isa = PBXNativeTarget;
			buildConfigurationList = 2CBAF1C92827FE1500A2CFB0 /* Build configuration list for PBXNativeTarget "Restart" */;
			buildPhases = (
				2CBAF1B72827FE1400A2CFB0 /* Sources */,
				2CBAF1B82827FE1400A2CFB0 /* Frameworks */,
				2CBAF1B92827FE1400A2CFB0 /* Resources */,
			);
			buildRules = (
			);
			dependencies = (
			);
			name = Restart;
			productName = Restart;
			productReference = 2CBAF1BB2827FE1400A2CFB0 /* Restart.app */;
			productType = "com.apple.product-type.application";
		};
/* End PBXNativeTarget section */

/* Begin PBXProject section */
		2CBAF1B32827FE1400A2CFB0 /* Project object */ = {
			isa = PBXProject;
			attributes = {
				BuildIndependentTargetsInParallel = 1;
				LastSwiftUpdateCheck = 1330;
				LastUpgradeCheck = 1330;
				TargetAttributes = {
					2CBAF1BA2827FE1400A2CFB0 = {
						CreatedOnToolsVersion = 13.3.1;
					};
				};
			};
			buildConfigurationList = 2CBAF1B62827FE1400A2CFB0 /* Build configuration list for PBXProject "Restart" */;
			compatibilityVersion = "Xcode 13.0";
			developmentRegion = en;
			hasScannedForEncodings = 0;
			knownRegions = (
				en,
				Base,
			);
			mainGroup = 2CBAF1B22827FE1400A2CFB0;
			productRefGroup = 2CBAF1BC2827FE1400A2CFB0 /* Products */;
			projectDirPath = "";
			projectRoot = "";
			targets = (
				2CBAF1BA2827FE1400A2CFB0 /* Restart */,
			);
		};
/* End PBXProject section */

/* Begin PBXResourcesBuildPhase section */
		2CBAF1B92827FE1400A2CFB0 /* Resources */ = {
			isa = PBXResourcesBuildPhase;
			buildActionMask = 2147483647;
			files = (
				2CBAF1CF2827FF2200A2CFB0 /* chimeup.mp3 in Resources */,
				2CBAF1C62827FE1500A2CFB0 /* Preview Assets.xcassets in Resources */,
				2CBAF1CE2827FF2200A2CFB0 /* success.m4a in Resources */,
				2CBAF1C32827FE1500A2CFB0 /* Assets.xcassets in Resources */,
			);
			runOnlyForDeploymentPostprocessing = 0;
		};
/* End PBXResourcesBuildPhase section */

/* Begin PBXSourcesBuildPhase section */
		2CBAF1B72827FE1400A2CFB0 /* Sources */ = {
			isa = PBXSourcesBuildPhase;
			buildActionMask = 2147483647;
			files = (
				2C4C7DF3283F63BB00BFFEF7 /* CircleGroupView.swift in Sources */,
				2CBAF1D62828048C00A2CFB0 /* OnboardingView.swift in Sources */,
				2CBAF1D8282804AF00A2CFB0 /* HomeView.swift in Sources */,
				2CBAF1C12827FE1400A2CFB0 /* ContentView.swift in Sources */,
				2CBAF1BF2827FE1400A2CFB0 /* RestartApp.swift in Sources */,
				2CA121212841048D00CFC03C /* AudioPlayer.swift in Sources */,
			);
			runOnlyForDeploymentPostprocessing = 0;
		};
/* End PBXSourcesBuildPhase section */

/* Begin XCBuildConfiguration section */
		2CBAF1C72827FE1500A2CFB0 /* Debug */ = {
			isa = XCBuildConfiguration;
			buildSettings = {
				ALWAYS_SEARCH_USER_PATHS = NO;
				CLANG_ANALYZER_NONNULL = YES;
				CLANG_ANALYZER_NUMBER_OBJECT_CONVERSION = YES_AGGRESSIVE;
				CLANG_CXX_LANGUAGE_STANDARD = "gnu++17";
				CLANG_ENABLE_MODULES = YES;
				CLANG_ENABLE_OBJC_ARC = YES;
				CLANG_ENABLE_OBJC_WEAK = YES;
				CLANG_WARN_BLOCK_CAPTURE_AUTORELEASING = YES;
				CLANG_WARN_BOOL_CONVERSION = YES;
				CLANG_WARN_COMMA = YES;
				CLANG_WARN_CONSTANT_CONVERSION = YES;
				CLANG_WARN_DEPRECATED_OBJC_IMPLEMENTATIONS = YES;
				CLANG_WARN_DIRECT_OBJC_ISA_USAGE = YES_ERROR;
				CLANG_WARN_DOCUMENTATION_COMMENTS = YES;
				CLANG_WARN_EMPTY_BODY = YES;
				CLANG_WARN_ENUM_CONVERSION = YES;
				CLANG_WARN_INFINITE_RECURSION = YES;
				CLANG_WARN_INT_CONVERSION = YES;
				CLANG_WARN_NON_LITERAL_NULL_CONVERSION = YES;
				CLANG_WARN_OBJC_IMPLICIT_RETAIN_SELF = YES;
				CLANG_WARN_OBJC_LITERAL_CONVERSION = YES;
				CLANG_WARN_OBJC_ROOT_CLASS = YES_ERROR;
				CLANG_WARN_QUOTED_INCLUDE_IN_FRAMEWORK_HEADER = YES;
				CLANG_WARN_RANGE_LOOP_ANALYSIS = YES;
				CLANG_WARN_STRICT_PROTOTYPES = YES;
				CLANG_WARN_SUSPICIOUS_MOVE = YES;
				CLANG_WARN_UNGUARDED_AVAILABILITY = YES_AGGRESSIVE;
				CLANG_WARN_UNREACHABLE_CODE = YES;
				CLANG_WARN__DUPLICATE_METHOD_MATCH = YES;
				COPY_PHASE_STRIP = NO;
				DEBUG_INFORMATION_FORMAT = dwarf;
				ENABLE_STRICT_OBJC_MSGSEND = YES;
				ENABLE_TESTABILITY = YES;
				GCC_C_LANGUAGE_STANDARD = gnu11;
				GCC_DYNAMIC_NO_PIC = NO;
				GCC_NO_COMMON_BLOCKS = YES;
				GCC_OPTIMIZATION_LEVEL = 0;
				GCC_PREPROCESSOR_DEFINITIONS = (
					"DEBUG=1",
					"$(inherited)",
				);
				GCC_WARN_64_TO_32_BIT_CONVERSION = YES;
				GCC_WARN_ABOUT_RETURN_TYPE = YES_ERROR;
				GCC_WARN_UNDECLARED_SELECTOR = YES;
				GCC_WARN_UNINITIALIZED_AUTOS = YES_AGGRESSIVE;
				GCC_WARN_UNUSED_FUNCTION = YES;
				GCC_WARN_UNUSED_VARIABLE = YES;
				IPHONEOS_DEPLOYMENT_TARGET = 15.4;
				MTL_ENABLE_DEBUG_INFO = INCLUDE_SOURCE;
				MTL_FAST_MATH = YES;
				ONLY_ACTIVE_ARCH = YES;
				SDKROOT = iphoneos;
				SWIFT_ACTIVE_COMPILATION_CONDITIONS = DEBUG;
				SWIFT_OPTIMIZATION_LEVEL = "-Onone";
			};
			name = Debug;
		};
		2CBAF1C82827FE1500A2CFB0 /* Release */ = {
			isa = XCBuildConfiguration;
			buildSettings = {
				ALWAYS_SEARCH_USER_PATHS = NO;
				CLANG_ANALYZER_NONNULL = YES;
				CLANG_ANALYZER_NUMBER_OBJECT_CONVERSION = YES_AGGRESSIVE;
				CLANG_CXX_LANGUAGE_STANDARD = "gnu++17";
				CLANG_ENABLE_MODULES = YES;
				CLANG_ENABLE_OBJC_ARC = YES;
				CLANG_ENABLE_OBJC_WEAK = YES;
				CLANG_WARN_BLOCK_CAPTURE_AUTORELEASING = YES;
				CLANG_WARN_BOOL_CONVERSION = YES;
				CLANG_WARN_COMMA = YES;
				CLANG_WARN_CONSTANT_CONVERSION = YES;
				CLANG_WARN_DEPRECATED_OBJC_IMPLEMENTATIONS = YES;
				CLANG_WARN_DIRECT_OBJC_ISA_USAGE = YES_ERROR;
				CLANG_WARN_DOCUMENTATION_COMMENTS = YES;
				CLANG_WARN_EMPTY_BODY = YES;
				CLANG_WARN_ENUM_CONVERSION = YES;
				CLANG_WARN_INFINITE_RECURSION = YES;
				CLANG_WARN_INT_CONVERSION = YES;
				CLANG_WARN_NON_LITERAL_NULL_CONVERSION = YES;
				CLANG_WARN_OBJC_IMPLICIT_RETAIN_SELF = YES;
				CLANG_WARN_OBJC_LITERAL_CONVERSION = YES;
				CLANG_WARN_OBJC_ROOT_CLASS = YES_ERROR;
				CLANG_WARN_QUOTED_INCLUDE_IN_FRAMEWORK_HEADER = YES;
				CLANG_WARN_RANGE_LOOP_ANALYSIS = YES;
				CLANG_WARN_STRICT_PROTOTYPES = YES;
				CLANG_WARN_SUSPICIOUS_MOVE = YES;
				CLANG_WARN_UNGUARDED_AVAILABILITY = YES_AGGRESSIVE;
				CLANG_WARN_UNREACHABLE_CODE = YES;
				CLANG_WARN__DUPLICATE_METHOD_MATCH = YES;
				COPY_PHASE_STRIP = NO;
				DEBUG_INFORMATION_FORMAT = "dwarf-with-dsym";
				ENABLE_NS_ASSERTIONS = NO;
				ENABLE_STRICT_OBJC_MSGSEND = YES;
				GCC_C_LANGUAGE_STANDARD = gnu11;
				GCC_NO_COMMON_BLOCKS = YES;
				GCC_WARN_64_TO_32_BIT_CONVERSION = YES;
				GCC_WARN_ABOUT_RETURN_TYPE = YES_ERROR;
				GCC_WARN_UNDECLARED_SELECTOR = YES;
				GCC_WARN_UNINITIALIZED_AUTOS = YES_AGGRESSIVE;
				GCC_WARN_UNUSED_FUNCTION = YES;
				GCC_WARN_UNUSED_VARIABLE = YES;
				IPHONEOS_DEPLOYMENT_TARGET = 15.4;
				MTL_ENABLE_DEBUG_INFO = NO;
				MTL_FAST_MATH = YES;
				SDKROOT = iphoneos;
				SWIFT_COMPILATION_MODE = wholemodule;
				SWIFT_OPTIMIZATION_LEVEL = "-O";
				VALIDATE_PRODUCT = YES;
			};
			name = Release;
		};
		2CBAF1CA2827FE1500A2CFB0 /* Debug */ = {
			isa = XCBuildConfiguration;
			buildSettings = {
				ASSETCATALOG_COMPILER_APPICON_NAME = AppIcon;
				ASSETCATALOG_COMPILER_GLOBAL_ACCENT_COLOR_NAME = AccentColor;
				CODE_SIGN_STYLE = Automatic;
				CURRENT_PROJECT_VERSION = 1;
				DEVELOPMENT_ASSET_PATHS = "\"Restart/Preview Content\"";
				ENABLE_PREVIEWS = YES;
				GENERATE_INFOPLIST_FILE = YES;
				INFOPLIST_FILE = Restart/Info.plist;
				INFOPLIST_KEY_UIApplicationSceneManifest_Generation = YES;
				INFOPLIST_KEY_UIApplicationSupportsIndirectInputEvents = YES;
				INFOPLIST_KEY_UISupportedInterfaceOrientations = UIInterfaceOrientationPortrait;
				INFOPLIST_KEY_UISupportedInterfaceOrientations_iPad = "UIInterfaceOrientationPortrait UIInterfaceOrientationPortraitUpsideDown UIInterfaceOrientationLandscapeLeft UIInterfaceOrientationLandscapeRight";
				INFOPLIST_KEY_UISupportedInterfaceOrientations_iPhone = "UIInterfaceOrientationPortrait UIInterfaceOrientationLandscapeLeft UIInterfaceOrientationLandscapeRight";
				IPHONEOS_DEPLOYMENT_TARGET = 15.4;
				LD_RUNPATH_SEARCH_PATHS = (
					"$(inherited)",
					"@executable_path/Frameworks",
				);
				MARKETING_VERSION = 1.0;
				PRODUCT_BUNDLE_IDENTIFIER = mk.devlab.Restart;
				PRODUCT_NAME = "$(TARGET_NAME)";
				SWIFT_EMIT_LOC_STRINGS = YES;
				SWIFT_VERSION = 5.0;
				TARGETED_DEVICE_FAMILY = "1,2";
			};
			name = Debug;
		};
		2CBAF1CB2827FE1500A2CFB0 /* Release */ = {
			isa = XCBuildConfiguration;
			buildSettings = {
				ASSETCATALOG_COMPILER_APPICON_NAME = AppIcon;
				ASSETCATALOG_COMPILER_GLOBAL_ACCENT_COLOR_NAME = AccentColor;
				CODE_SIGN_STYLE = Automatic;
				CURRENT_PROJECT_VERSION = 1;
				DEVELOPMENT_ASSET_PATHS = "\"Restart/Preview Content\"";
				ENABLE_PREVIEWS = YES;
				GENERATE_INFOPLIST_FILE = YES;
				INFOPLIST_FILE = Restart/Info.plist;
				INFOPLIST_KEY_UIApplicationSceneManifest_Generation = YES;
				INFOPLIST_KEY_UIApplicationSupportsIndirectInputEvents = YES;
				INFOPLIST_KEY_UISupportedInterfaceOrientations = UIInterfaceOrientationPortrait;
				INFOPLIST_KEY_UISupportedInterfaceOrientations_iPad = "UIInterfaceOrientationPortrait UIInterfaceOrientationPortraitUpsideDown UIInterfaceOrientationLandscapeLeft UIInterfaceOrientationLandscapeRight";
				INFOPLIST_KEY_UISupportedInterfaceOrientations_iPhone = "UIInterfaceOrientationPortrait UIInterfaceOrientationLandscapeLeft UIInterfaceOrientationLandscapeRight";
				IPHONEOS_DEPLOYMENT_TARGET = 15.4;
				LD_RUNPATH_SEARCH_PATHS = (
					"$(inherited)",
					"@executable_path/Frameworks",
				);
				MARKETING_VERSION = 1.0;
				PRODUCT_BUNDLE_IDENTIFIER = mk.devlab.Restart;
				PRODUCT_NAME = "$(TARGET_NAME)";
				SWIFT_EMIT_LOC_STRINGS = YES;
				SWIFT_VERSION = 5.0;
				TARGETED_DEVICE_FAMILY = "1,2";
			};
			name = Release;
		};
/* End XCBuildConfiguration section */

/* Begin XCConfigurationList section */
		2CBAF1B62827FE1400A2CFB0 /* Build configuration list for PBXProject "Restart" */ = {
			isa = XCConfigurationList;
			buildConfigurations = (
				2CBAF1C72827FE1500A2CFB0 /* Debug */,
				2CBAF1C82827FE1500A2CFB0 /* Release */,
			);
			defaultConfigurationIsVisible = 0;
			defaultConfigurationName = Release;
		};
		2CBAF1C92827FE1500A2CFB0 /* Build configuration list for PBXNativeTarget "Restart" */ = {
			isa = XCConfigurationList;
			buildConfigurations = (
				2CBAF1CA2827FE1500A2CFB0 /* Debug */,
				2CBAF1CB2827FE1500A2CFB0 /* Release */,
			);
			defaultConfigurationIsVisible = 0;
			defaultConfigurationName = Release;
		};
/* End XCConfigurationList section */
	};
	rootObject = 2CBAF1B32827FE1400A2CFB0 /* Project object */;
}
