// !$*UTF8*$!
{
	archiveVersion = 1;
	classes = {
	};
	objectVersion = 55;
	objects = {

/* Begin PBXBuildFile section */
		2C93C59E28845BFA00E06988 /* ApiCallApp.swift in Sources */ = {isa = PBXBuildFile; fileRef = 2C93C59D28845BFA00E06988 /* ApiCallApp.swift */; };
		2C93C5A028845BFA00E06988 /* ContentView.swift in Sources */ = {isa = PBXBuildFile; fileRef = 2C93C59F28845BFA00E06988 /* ContentView.swift */; };
		2C93C5A228845BFB00E06988 /* Assets.xcassets in Resources */ = {isa = PBXBuildFile; fileRef = 2C93C5A128845BFB00E06988 /* Assets.xcassets */; };
		2C93C5A528845BFB00E06988 /* Preview Assets.xcassets in Resources */ = {isa = PBXBuildFile; fileRef = 2C93C5A428845BFB00E06988 /* Preview Assets.xcassets */; };
		2C93C5AF28845CAB00E06988 /* UserModel.swift in Sources */ = {isa = PBXBuildFile; fileRef = 2C93C5AE28845CAB00E06988 /* UserModel.swift */; };
		2C93C5B128845CDC00E06988 /* AddressModel.swift in Sources */ = {isa = PBXBuildFile; fileRef = 2C93C5B028845CDC00E06988 /* AddressModel.swift */; };
		2C93C5B328845D6C00E06988 /* GeoModel.swift in Sources */ = {isa = PBXBuildFile; fileRef = 2C93C5B228845D6C00E06988 /* GeoModel.swift */; };
		2C93C5B528845D9900E06988 /* CompanyModel.swift in Sources */ = {isa = PBXBuildFile; fileRef = 2C93C5B428845D9900E06988 /* CompanyModel.swift */; };
		2C93C5B728845E5700E06988 /* Network.swift in Sources */ = {isa = PBXBuildFile; fileRef = 2C93C5B628845E5700E06988 /* Network.swift */; };
/* End PBXBuildFile section */

/* Begin PBXFileReference section */
		2C93C59A28845BFA00E06988 /* ApiCall.app */ = {isa = PBXFileReference; explicitFileType = wrapper.application; includeInIndex = 0; path = ApiCall.app; sourceTree = BUILT_PRODUCTS_DIR; };
		2C93C59D28845BFA00E06988 /* ApiCallApp.swift */ = {isa = PBXFileReference; lastKnownFileType = sourcecode.swift; path = ApiCallApp.swift; sourceTree = "<group>"; };
		2C93C59F28845BFA00E06988 /* ContentView.swift */ = {isa = PBXFileReference; lastKnownFileType = sourcecode.swift; path = ContentView.swift; sourceTree = "<group>"; };
		2C93C5A128845BFB00E06988 /* Assets.xcassets */ = {isa = PBXFileReference; lastKnownFileType = folder.assetcatalog; path = Assets.xcassets; sourceTree = "<group>"; };
		2C93C5A428845BFB00E06988 /* Preview Assets.xcassets */ = {isa = PBXFileReference; lastKnownFileType = folder.assetcatalog; path = "Preview Assets.xcassets"; sourceTree = "<group>"; };
		2C93C5AE28845CAB00E06988 /* UserModel.swift */ = {isa = PBXFileReference; lastKnownFileType = sourcecode.swift; path = UserModel.swift; sourceTree = "<group>"; };
		2C93C5B028845CDC00E06988 /* AddressModel.swift */ = {isa = PBXFileReference; lastKnownFileType = sourcecode.swift; path = AddressModel.swift; sourceTree = "<group>"; };
		2C93C5B228845D6C00E06988 /* GeoModel.swift */ = {isa = PBXFileReference; lastKnownFileType = sourcecode.swift; path = GeoModel.swift; sourceTree = "<group>"; };
		2C93C5B428845D9900E06988 /* CompanyModel.swift */ = {isa = PBXFileReference; lastKnownFileType = sourcecode.swift; path = CompanyModel.swift; sourceTree = "<group>"; };
		2C93C5B628845E5700E06988 /* Network.swift */ = {isa = PBXFileReference; lastKnownFileType = sourcecode.swift; path = Network.swift; sourceTree = "<group>"; };
/* End PBXFileReference section */

/* Begin PBXFrameworksBuildPhase section */
		2C93C59728845BFA00E06988 /* Frameworks */ = {
			isa = PBXFrameworksBuildPhase;
			buildActionMask = 2147483647;
			files = (
			);
			runOnlyForDeploymentPostprocessing = 0;
		};
/* End PBXFrameworksBuildPhase section */

/* Begin PBXGroup section */
		2C93C59128845BFA00E06988 = {
			isa = PBXGroup;
			children = (
				2C93C59C28845BFA00E06988 /* ApiCall */,
				2C93C59B28845BFA00E06988 /* Products */,
			);
			sourceTree = "<group>";
		};
		2C93C59B28845BFA00E06988 /* Products */ = {
			isa = PBXGroup;
			children = (
				2C93C59A28845BFA00E06988 /* ApiCall.app */,
			);
			name = Products;
			sourceTree = "<group>";
		};
		2C93C59C28845BFA00E06988 /* ApiCall */ = {
			isa = PBXGroup;
			children = (
				2C93C5AD28845C5C00E06988 /* Api */,
				2C93C5AC28845C4E00E06988 /* Model */,
				2C93C59D28845BFA00E06988 /* ApiCallApp.swift */,
				2C93C5AB28845C1D00E06988 /* View */,
				2C93C5A128845BFB00E06988 /* Assets.xcassets */,
				2C93C5A328845BFB00E06988 /* Preview Content */,
			);
			path = ApiCall;
			sourceTree = "<group>";
		};
		2C93C5A328845BFB00E06988 /* Preview Content */ = {
			isa = PBXGroup;
			children = (
				2C93C5A428845BFB00E06988 /* Preview Assets.xcassets */,
			);
			path = "Preview Content";
			sourceTree = "<group>";
		};
		2C93C5AB28845C1D00E06988 /* View */ = {
			isa = PBXGroup;
			children = (
				2C93C59F28845BFA00E06988 /* ContentView.swift */,
			);
			path = View;
			sourceTree = "<group>";
		};
		2C93C5AC28845C4E00E06988 /* Model */ = {
			isa = PBXGroup;
			children = (
				2C93C5AE28845CAB00E06988 /* UserModel.swift */,
				2C93C5B028845CDC00E06988 /* AddressModel.swift */,
				2C93C5B228845D6C00E06988 /* GeoModel.swift */,
				2C93C5B428845D9900E06988 /* CompanyModel.swift */,
			);
			path = Model;
			sourceTree = "<group>";
		};
		2C93C5AD28845C5C00E06988 /* Api */ = {
			isa = PBXGroup;
			children = (
				2C93C5B628845E5700E06988 /* Network.swift */,
			);
			path = Api;
			sourceTree = "<group>";
		};
/* End PBXGroup section */

/* Begin PBXNativeTarget section */
		2C93C59928845BFA00E06988 /* ApiCall */ = {
			isa = PBXNativeTarget;
			buildConfigurationList = 2C93C5A828845BFB00E06988 /* Build configuration list for PBXNativeTarget "ApiCall" */;
			buildPhases = (
				2C93C59628845BFA00E06988 /* Sources */,
				2C93C59728845BFA00E06988 /* Frameworks */,
				2C93C59828845BFA00E06988 /* Resources */,
			);
			buildRules = (
			);
			dependencies = (
			);
			name = ApiCall;
			productName = ApiCall;
			productReference = 2C93C59A28845BFA00E06988 /* ApiCall.app */;
			productType = "com.apple.product-type.application";
		};
/* End PBXNativeTarget section */

/* Begin PBXProject section */
		2C93C59228845BFA00E06988 /* Project object */ = {
			isa = PBXProject;
			attributes = {
				BuildIndependentTargetsInParallel = 1;
				LastSwiftUpdateCheck = 1340;
				LastUpgradeCheck = 1340;
				TargetAttributes = {
					2C93C59928845BFA00E06988 = {
						CreatedOnToolsVersion = 13.4.1;
					};
				};
			};
			buildConfigurationList = 2C93C59528845BFA00E06988 /* Build configuration list for PBXProject "ApiCall" */;
			compatibilityVersion = "Xcode 13.0";
			developmentRegion = en;
			hasScannedForEncodings = 0;
			knownRegions = (
				en,
				Base,
			);
			mainGroup = 2C93C59128845BFA00E06988;
			productRefGroup = 2C93C59B28845BFA00E06988 /* Products */;
			projectDirPath = "";
			projectRoot = "";
			targets = (
				2C93C59928845BFA00E06988 /* ApiCall */,
			);
		};
/* End PBXProject section */

/* Begin PBXResourcesBuildPhase section */
		2C93C59828845BFA00E06988 /* Resources */ = {
			isa = PBXResourcesBuildPhase;
			buildActionMask = 2147483647;
			files = (
				2C93C5A528845BFB00E06988 /* Preview Assets.xcassets in Resources */,
				2C93C5A228845BFB00E06988 /* Assets.xcassets in Resources */,
			);
			runOnlyForDeploymentPostprocessing = 0;
		};
/* End PBXResourcesBuildPhase section */

/* Begin PBXSourcesBuildPhase section */
		2C93C59628845BFA00E06988 /* Sources */ = {
			isa = PBXSourcesBuildPhase;
			buildActionMask = 2147483647;
			files = (
				2C93C5A028845BFA00E06988 /* ContentView.swift in Sources */,
				2C93C59E28845BFA00E06988 /* ApiCallApp.swift in Sources */,
				2C93C5B128845CDC00E06988 /* AddressModel.swift in Sources */,
				2C93C5AF28845CAB00E06988 /* UserModel.swift in Sources */,
				2C93C5B328845D6C00E06988 /* GeoModel.swift in Sources */,
				2C93C5B728845E5700E06988 /* Network.swift in Sources */,
				2C93C5B528845D9900E06988 /* CompanyModel.swift in Sources */,
			);
			runOnlyForDeploymentPostprocessing = 0;
		};
/* End PBXSourcesBuildPhase section */

/* Begin XCBuildConfiguration section */
		2C93C5A628845BFB00E06988 /* Debug */ = {
			isa = XCBuildConfiguration;
			buildSettings = {
				ALWAYS_SEARCH_USER_PATHS = NO;
				CLANG_ANALYZER_NONNULL = YES;
				CLANG_ANALYZER_NUMBER_OBJECT_CONVERSION = YES_AGGRESSIVE;
				CLANG_CXX_LANGUAGE_STANDARD = "gnu++17";
				CLANG_ENABLE_MODULES = YES;
				CLANG_ENABLE_OBJC_ARC = YES;
				CLANG_ENABLE_OBJC_WEAK = YES;
				CLANG_WARN_BLOCK_CAPTURE_AUTORELEASING = YES;
				CLANG_WARN_BOOL_CONVERSION = YES;
				CLANG_WARN_COMMA = YES;
				CLANG_WARN_CONSTANT_CONVERSION = YES;
				CLANG_WARN_DEPRECATED_OBJC_IMPLEMENTATIONS = YES;
				CLANG_WARN_DIRECT_OBJC_ISA_USAGE = YES_ERROR;
				CLANG_WARN_DOCUMENTATION_COMMENTS = YES;
				CLANG_WARN_EMPTY_BODY = YES;
				CLANG_WARN_ENUM_CONVERSION = YES;
				CLANG_WARN_INFINITE_RECURSION = YES;
				CLANG_WARN_INT_CONVERSION = YES;
				CLANG_WARN_NON_LITERAL_NULL_CONVERSION = YES;
				CLANG_WARN_OBJC_IMPLICIT_RETAIN_SELF = YES;
				CLANG_WARN_OBJC_LITERAL_CONVERSION = YES;
				CLANG_WARN_OBJC_ROOT_CLASS = YES_ERROR;
				CLANG_WARN_QUOTED_INCLUDE_IN_FRAMEWORK_HEADER = YES;
				CLANG_WARN_RANGE_LOOP_ANALYSIS = YES;
				CLANG_WARN_STRICT_PROTOTYPES = YES;
				CLANG_WARN_SUSPICIOUS_MOVE = YES;
				CLANG_WARN_UNGUARDED_AVAILABILITY = YES_AGGRESSIVE;
				CLANG_WARN_UNREACHABLE_CODE = YES;
				CLANG_WARN__DUPLICATE_METHOD_MATCH = YES;
				COPY_PHASE_STRIP = NO;
				DEBUG_INFORMATION_FORMAT = dwarf;
				ENABLE_STRICT_OBJC_MSGSEND = YES;
				ENABLE_TESTABILITY = YES;
				GCC_C_LANGUAGE_STANDARD = gnu11;
				GCC_DYNAMIC_NO_PIC = NO;
				GCC_NO_COMMON_BLOCKS = YES;
				GCC_OPTIMIZATION_LEVEL = 0;
				GCC_PREPROCESSOR_DEFINITIONS = (
					"DEBUG=1",
					"$(inherited)",
				);
				GCC_WARN_64_TO_32_BIT_CONVERSION = YES;
				GCC_WARN_ABOUT_RETURN_TYPE = YES_ERROR;
				GCC_WARN_UNDECLARED_SELECTOR = YES;
				GCC_WARN_UNINITIALIZED_AUTOS = YES_AGGRESSIVE;
				GCC_WARN_UNUSED_FUNCTION = YES;
				GCC_WARN_UNUSED_VARIABLE = YES;
				IPHONEOS_DEPLOYMENT_TARGET = 15.5;
				MTL_ENABLE_DEBUG_INFO = INCLUDE_SOURCE;
				MTL_FAST_MATH = YES;
				ONLY_ACTIVE_ARCH = YES;
				SDKROOT = iphoneos;
				SWIFT_ACTIVE_COMPILATION_CONDITIONS = DEBUG;
				SWIFT_OPTIMIZATION_LEVEL = "-Onone";
			};
			name = Debug;
		};
		2C93C5A728845BFB00E06988 /* Release */ = {
			isa = XCBuildConfiguration;
			buildSettings = {
				ALWAYS_SEARCH_USER_PATHS = NO;
				CLANG_ANALYZER_NONNULL = YES;
				CLANG_ANALYZER_NUMBER_OBJECT_CONVERSION = YES_AGGRESSIVE;
				CLANG_CXX_LANGUAGE_STANDARD = "gnu++17";
				CLANG_ENABLE_MODULES = YES;
				CLANG_ENABLE_OBJC_ARC = YES;
				CLANG_ENABLE_OBJC_WEAK = YES;
				CLANG_WARN_BLOCK_CAPTURE_AUTORELEASING = YES;
				CLANG_WARN_BOOL_CONVERSION = YES;
				CLANG_WARN_COMMA = YES;
				CLANG_WARN_CONSTANT_CONVERSION = YES;
				CLANG_WARN_DEPRECATED_OBJC_IMPLEMENTATIONS = YES;
				CLANG_WARN_DIRECT_OBJC_ISA_USAGE = YES_ERROR;
				CLANG_WARN_DOCUMENTATION_COMMENTS = YES;
				CLANG_WARN_EMPTY_BODY = YES;
				CLANG_WARN_ENUM_CONVERSION = YES;
				CLANG_WARN_INFINITE_RECURSION = YES;
				CLANG_WARN_INT_CONVERSION = YES;
				CLANG_WARN_NON_LITERAL_NULL_CONVERSION = YES;
				CLANG_WARN_OBJC_IMPLICIT_RETAIN_SELF = YES;
				CLANG_WARN_OBJC_LITERAL_CONVERSION = YES;
				CLANG_WARN_OBJC_ROOT_CLASS = YES_ERROR;
				CLANG_WARN_QUOTED_INCLUDE_IN_FRAMEWORK_HEADER = YES;
				CLANG_WARN_RANGE_LOOP_ANALYSIS = YES;
				CLANG_WARN_STRICT_PROTOTYPES = YES;
				CLANG_WARN_SUSPICIOUS_MOVE = YES;
				CLANG_WARN_UNGUARDED_AVAILABILITY = YES_AGGRESSIVE;
				CLANG_WARN_UNREACHABLE_CODE = YES;
				CLANG_WARN__DUPLICATE_METHOD_MATCH = YES;
				COPY_PHASE_STRIP = NO;
				DEBUG_INFORMATION_FORMAT = "dwarf-with-dsym";
				ENABLE_NS_ASSERTIONS = NO;
				ENABLE_STRICT_OBJC_MSGSEND = YES;
				GCC_C_LANGUAGE_STANDARD = gnu11;
				GCC_NO_COMMON_BLOCKS = YES;
				GCC_WARN_64_TO_32_BIT_CONVERSION = YES;
				GCC_WARN_ABOUT_RETURN_TYPE = YES_ERROR;
				GCC_WARN_UNDECLARED_SELECTOR = YES;
				GCC_WARN_UNINITIALIZED_AUTOS = YES_AGGRESSIVE;
				GCC_WARN_UNUSED_FUNCTION = YES;
				GCC_WARN_UNUSED_VARIABLE = YES;
				IPHONEOS_DEPLOYMENT_TARGET = 15.5;
				MTL_ENABLE_DEBUG_INFO = NO;
				MTL_FAST_MATH = YES;
				SDKROOT = iphoneos;
				SWIFT_COMPILATION_MODE = wholemodule;
				SWIFT_OPTIMIZATION_LEVEL = "-O";
				VALIDATE_PRODUCT = YES;
			};
			name = Release;
		};
		2C93C5A928845BFB00E06988 /* Debug */ = {
			isa = XCBuildConfiguration;
			buildSettings = {
				ASSETCATALOG_COMPILER_APPICON_NAME = AppIcon;
				ASSETCATALOG_COMPILER_GLOBAL_ACCENT_COLOR_NAME = AccentColor;
				CODE_SIGN_STYLE = Automatic;
				CURRENT_PROJECT_VERSION = 1;
				DEVELOPMENT_ASSET_PATHS = "\"ApiCall/Preview Content\"";
				DEVELOPMENT_TEAM = D4S5VP73Y4;
				ENABLE_PREVIEWS = YES;
				GENERATE_INFOPLIST_FILE = YES;
				INFOPLIST_KEY_UIApplicationSceneManifest_Generation = YES;
				INFOPLIST_KEY_UIApplicationSupportsIndirectInputEvents = YES;
				INFOPLIST_KEY_UILaunchScreen_Generation = YES;
				INFOPLIST_KEY_UISupportedInterfaceOrientations_iPad = "UIInterfaceOrientationPortrait UIInterfaceOrientationPortraitUpsideDown UIInterfaceOrientationLandscapeLeft UIInterfaceOrientationLandscapeRight";
				INFOPLIST_KEY_UISupportedInterfaceOrientations_iPhone = "UIInterfaceOrientationPortrait UIInterfaceOrientationLandscapeLeft UIInterfaceOrientationLandscapeRight";
				LD_RUNPATH_SEARCH_PATHS = (
					"$(inherited)",
					"@executable_path/Frameworks",
				);
				MARKETING_VERSION = 1.0;
				PRODUCT_BUNDLE_IDENTIFIER = mk.devlab.ApiCall;
				PRODUCT_NAME = "$(TARGET_NAME)";
				SWIFT_EMIT_LOC_STRINGS = YES;
				SWIFT_VERSION = 5.0;
				TARGETED_DEVICE_FAMILY = "1,2";
			};
			name = Debug;
		};
		2C93C5AA28845BFB00E06988 /* Release */ = {
			isa = XCBuildConfiguration;
			buildSettings = {
				ASSETCATALOG_COMPILER_APPICON_NAME = AppIcon;
				ASSETCATALOG_COMPILER_GLOBAL_ACCENT_COLOR_NAME = AccentColor;
				CODE_SIGN_STYLE = Automatic;
				CURRENT_PROJECT_VERSION = 1;
				DEVELOPMENT_ASSET_PATHS = "\"ApiCall/Preview Content\"";
				DEVELOPMENT_TEAM = D4S5VP73Y4;
				ENABLE_PREVIEWS = YES;
				GENERATE_INFOPLIST_FILE = YES;
				INFOPLIST_KEY_UIApplicationSceneManifest_Generation = YES;
				INFOPLIST_KEY_UIApplicationSupportsIndirectInputEvents = YES;
				INFOPLIST_KEY_UILaunchScreen_Generation = YES;
				INFOPLIST_KEY_UISupportedInterfaceOrientations_iPad = "UIInterfaceOrientationPortrait UIInterfaceOrientationPortraitUpsideDown UIInterfaceOrientationLandscapeLeft UIInterfaceOrientationLandscapeRight";
				INFOPLIST_KEY_UISupportedInterfaceOrientations_iPhone = "UIInterfaceOrientationPortrait UIInterfaceOrientationLandscapeLeft UIInterfaceOrientationLandscapeRight";
				LD_RUNPATH_SEARCH_PATHS = (
					"$(inherited)",
					"@executable_path/Frameworks",
				);
				MARKETING_VERSION = 1.0;
				PRODUCT_BUNDLE_IDENTIFIER = mk.devlab.ApiCall;
				PRODUCT_NAME = "$(TARGET_NAME)";
				SWIFT_EMIT_LOC_STRINGS = YES;
				SWIFT_VERSION = 5.0;
				TARGETED_DEVICE_FAMILY = "1,2";
			};
			name = Release;
		};
/* End XCBuildConfiguration section */

/* Begin XCConfigurationList section */
		2C93C59528845BFA00E06988 /* Build configuration list for PBXProject "ApiCall" */ = {
			isa = XCConfigurationList;
			buildConfigurations = (
				2C93C5A628845BFB00E06988 /* Debug */,
				2C93C5A728845BFB00E06988 /* Release */,
			);
			defaultConfigurationIsVisible = 0;
			defaultConfigurationName = Release;
		};
		2C93C5A828845BFB00E06988 /* Build configuration list for PBXNativeTarget "ApiCall" */ = {
			isa = XCConfigurationList;
			buildConfigurations = (
				2C93C5A928845BFB00E06988 /* Debug */,
				2C93C5AA28845BFB00E06988 /* Release */,
			);
			defaultConfigurationIsVisible = 0;
			defaultConfigurationName = Release;
		};
/* End XCConfigurationList section */
	};
	rootObject = 2C93C59228845BFA00E06988 /* Project object */;
}
